{
  "version": 4,
  "terraform_version": "1.9.0",
  "serial": 135,
  "lineage": "ace71ada-3361-8ccf-8e1b-6521ea47ff2c",
  "outputs": {},
  "resources": [
    {
      "module": "module.loadbalancer[0]",
      "mode": "data",
      "type": "azurerm_network_interface",
      "name": "network_interface_1",
      "provider": "provider[\"registry.terraform.io/hashicorp/azurerm\"]",
      "instances": [
        {
          "schema_version": 0,
          "attributes": {
            "accelerated_networking_enabled": false,
            "applied_dns_servers": [],
            "dns_servers": [],
            "id": "/subscriptions/5056c5ae-eefd-4968-8139-8c27a5d1303d/resourceGroups/dc_res/providers/Microsoft.Network/networkInterfaces/dc-vm1-nic",
            "internal_dns_name_label": "",
            "ip_configuration": [
              {
                "application_gateway_backend_address_pools_ids": [],
                "application_security_group_ids": [],
                "gateway_load_balancer_frontend_ip_configuration_id": "",
                "load_balancer_backend_address_pools_ids": [],
                "load_balancer_inbound_nat_rules_ids": [],
                "name": "dcvm1ip",
                "primary": true,
                "private_ip_address": "10.0.1.5",
                "private_ip_address_allocation": "Dynamic",
                "private_ip_address_version": "IPv4",
                "public_ip_address_id": "/subscriptions/5056c5ae-eefd-4968-8139-8c27a5d1303d/resourceGroups/dc_res/providers/Microsoft.Network/publicIPAddresses/vm1-ip",
                "subnet_id": "/subscriptions/5056c5ae-eefd-4968-8139-8c27a5d1303d/resourceGroups/dc_res/providers/Microsoft.Network/virtualNetworks/dc_vnet/subnets/subnet"
              }
            ],
            "ip_forwarding_enabled": false,
            "location": "eastasia",
            "mac_address": "00-22-48-17-E6-18",
            "name": "dc-vm1-nic",
            "network_security_group_id": "/subscriptions/5056c5ae-eefd-4968-8139-8c27a5d1303d/resourceGroups/dc_res/providers/Microsoft.Network/networkSecurityGroups/vm1-nsg",
            "private_ip_address": "10.0.1.5",
            "private_ip_addresses": [
              "10.0.1.5"
            ],
            "resource_group_name": "dc_res",
            "tags": {},
            "timeouts": null,
            "virtual_machine_id": "/subscriptions/5056c5ae-eefd-4968-8139-8c27a5d1303d/resourceGroups/dc_res/providers/Microsoft.Compute/virtualMachines/vm1"
          },
          "sensitive_attributes": []
        }
      ]
    },
    {
      "module": "module.loadbalancer[0]",
      "mode": "data",
      "type": "azurerm_network_interface",
      "name": "network_interface_2",
      "provider": "provider[\"registry.terraform.io/hashicorp/azurerm\"]",
      "instances": [
        {
          "schema_version": 0,
          "attributes": {
            "accelerated_networking_enabled": false,
            "applied_dns_servers": [],
            "dns_servers": [],
            "id": "/subscriptions/5056c5ae-eefd-4968-8139-8c27a5d1303d/resourceGroups/dc_res/providers/Microsoft.Network/networkInterfaces/dc-vm2-nic",
            "internal_dns_name_label": "",
            "ip_configuration": [
              {
                "application_gateway_backend_address_pools_ids": [],
                "application_security_group_ids": [],
                "gateway_load_balancer_frontend_ip_configuration_id": "",
                "load_balancer_backend_address_pools_ids": [],
                "load_balancer_inbound_nat_rules_ids": [],
                "name": "dcvm2ip",
                "primary": true,
                "private_ip_address": "10.0.1.4",
                "private_ip_address_allocation": "Dynamic",
                "private_ip_address_version": "IPv4",
                "public_ip_address_id": "/subscriptions/5056c5ae-eefd-4968-8139-8c27a5d1303d/resourceGroups/dc_res/providers/Microsoft.Network/publicIPAddresses/vm2-ip",
                "subnet_id": "/subscriptions/5056c5ae-eefd-4968-8139-8c27a5d1303d/resourceGroups/dc_res/providers/Microsoft.Network/virtualNetworks/dc_vnet/subnets/subnet"
              }
            ],
            "ip_forwarding_enabled": false,
            "location": "eastasia",
            "mac_address": "60-45-BD-5A-98-C8",
            "name": "dc-vm2-nic",
            "network_security_group_id": "/subscriptions/5056c5ae-eefd-4968-8139-8c27a5d1303d/resourceGroups/dc_res/providers/Microsoft.Network/networkSecurityGroups/vm2-nsg",
            "private_ip_address": "10.0.1.4",
            "private_ip_addresses": [
              "10.0.1.4"
            ],
            "resource_group_name": "dc_res",
            "tags": {},
            "timeouts": null,
            "virtual_machine_id": "/subscriptions/5056c5ae-eefd-4968-8139-8c27a5d1303d/resourceGroups/dc_res/providers/Microsoft.Compute/virtualMachines/vm2"
          },
          "sensitive_attributes": []
        }
      ]
    },
    {
      "module": "module.loadbalancer[0]",
      "mode": "managed",
      "type": "azurerm_lb",
      "name": "loadbalancer",
      "provider": "provider[\"registry.terraform.io/hashicorp/azurerm\"]",
      "instances": [
        {
          "schema_version": 0,
          "attributes": {
            "edge_zone": "",
            "frontend_ip_configuration": [
              {
                "gateway_load_balancer_frontend_ip_configuration_id": "",
                "id": "/subscriptions/5056c5ae-eefd-4968-8139-8c27a5d1303d/resourceGroups/dc_res/providers/Microsoft.Network/loadBalancers/TestLoadBalancer/frontendIPConfigurations/PublicIPAddress",
                "inbound_nat_rules": [],
                "load_balancer_rules": [
                  "/subscriptions/5056c5ae-eefd-4968-8139-8c27a5d1303d/resourceGroups/dc_res/providers/Microsoft.Network/loadBalancers/TestLoadBalancer/loadBalancingRules/LBRule"
                ],
                "name": "PublicIPAddress",
                "outbound_rules": [],
                "private_ip_address": "",
                "private_ip_address_allocation": "Dynamic",
                "private_ip_address_version": "",
                "public_ip_address_id": "/subscriptions/5056c5ae-eefd-4968-8139-8c27a5d1303d/resourceGroups/dc_res/providers/Microsoft.Network/publicIPAddresses/PublicIPForLB",
                "public_ip_prefix_id": "",
                "subnet_id": "",
                "zones": []
              }
            ],
            "id": "/subscriptions/5056c5ae-eefd-4968-8139-8c27a5d1303d/resourceGroups/dc_res/providers/Microsoft.Network/loadBalancers/TestLoadBalancer",
            "location": "eastasia",
            "name": "TestLoadBalancer",
            "private_ip_address": "",
            "private_ip_addresses": [],
            "resource_group_name": "dc_res",
            "sku": "Standard",
            "sku_tier": "Regional",
            "tags": {},
            "timeouts": null
          },
          "sensitive_attributes": [],
          "private": "eyJlMmJmYjczMC1lY2FhLTExZTYtOGY4OC0zNDM2M2JjN2M0YzAiOnsiY3JlYXRlIjoxODAwMDAwMDAwMDAwLCJkZWxldGUiOjE4MDAwMDAwMDAwMDAsInJlYWQiOjMwMDAwMDAwMDAwMCwidXBkYXRlIjoxODAwMDAwMDAwMDAwfX0=",
          "dependencies": [
            "module.key_vault.azurerm_key_vault.key_vault",
            "module.key_vault.data.azurerm_client_config.current",
            "module.key_vault.data.azurerm_resource_group.resource_group",
            "module.loadbalancer.azurerm_public_ip.lb_publicip",
            "module.rg.azurerm_resource_group.resource_groups",
            "module.subnet.azurerm_subnet.subnets",
            "module.virtual_machine.azurerm_key_vault_secret.vm_password_secret",
            "module.virtual_machine.azurerm_key_vault_secret.vm_username_secret",
            "module.virtual_machine.azurerm_linux_virtual_machine.virtual_machines",
            "module.virtual_machine.azurerm_network_interface.network_interface",
            "module.virtual_machine.azurerm_network_interface_security_group_association.nsg_association",
            "module.virtual_machine.azurerm_network_security_group.nsg",
            "module.virtual_machine.azurerm_public_ip.public_ip",
            "module.virtual_machine.data.azurerm_key_vault.key_vault",
            "module.virtual_machine.data.azurerm_resource_group.resource_group",
            "module.virtual_machine.data.azurerm_subnet.data_subnet",
            "module.virtual_machine.random_password.vm_password",
            "module.vnet.azurerm_virtual_network.vnet"
          ]
        }
      ]
    },
    {
      "module": "module.loadbalancer[0]",
      "mode": "managed",
      "type": "azurerm_lb_backend_address_pool",
      "name": "backend_pool",
      "provider": "provider[\"registry.terraform.io/hashicorp/azurerm\"]",
      "instances": [
        {
          "schema_version": 0,
          "attributes": {
            "backend_ip_configurations": [
              "/subscriptions/5056c5ae-eefd-4968-8139-8c27a5d1303d/resourceGroups/dc_res/providers/Microsoft.Network/networkInterfaces/dc-vm2-nic/ipConfigurations/dcvm2ip",
              "/subscriptions/5056c5ae-eefd-4968-8139-8c27a5d1303d/resourceGroups/dc_res/providers/Microsoft.Network/networkInterfaces/dc-vm1-nic/ipConfigurations/dcvm1ip"
            ],
            "id": "/subscriptions/5056c5ae-eefd-4968-8139-8c27a5d1303d/resourceGroups/dc_res/providers/Microsoft.Network/loadBalancers/TestLoadBalancer/backendAddressPools/BackEndAddressPool",
            "inbound_nat_rules": [],
            "load_balancing_rules": [
              "/subscriptions/5056c5ae-eefd-4968-8139-8c27a5d1303d/resourceGroups/dc_res/providers/Microsoft.Network/loadBalancers/TestLoadBalancer/loadBalancingRules/LBRule"
            ],
            "loadbalancer_id": "/subscriptions/5056c5ae-eefd-4968-8139-8c27a5d1303d/resourceGroups/dc_res/providers/Microsoft.Network/loadBalancers/TestLoadBalancer",
            "name": "BackEndAddressPool",
            "outbound_rules": [],
            "synchronous_mode": "",
            "timeouts": null,
            "tunnel_interface": [],
            "virtual_network_id": ""
          },
          "sensitive_attributes": [],
          "private": "eyJlMmJmYjczMC1lY2FhLTExZTYtOGY4OC0zNDM2M2JjN2M0YzAiOnsiY3JlYXRlIjoxODAwMDAwMDAwMDAwLCJkZWxldGUiOjE4MDAwMDAwMDAwMDAsInJlYWQiOjMwMDAwMDAwMDAwMCwidXBkYXRlIjoxODAwMDAwMDAwMDAwfX0=",
          "dependencies": [
            "module.key_vault.azurerm_key_vault.key_vault",
            "module.key_vault.data.azurerm_client_config.current",
            "module.key_vault.data.azurerm_resource_group.resource_group",
            "module.loadbalancer.azurerm_lb.loadbalancer",
            "module.loadbalancer.azurerm_public_ip.lb_publicip",
            "module.rg.azurerm_resource_group.resource_groups",
            "module.subnet.azurerm_subnet.subnets",
            "module.virtual_machine.azurerm_key_vault_secret.vm_password_secret",
            "module.virtual_machine.azurerm_key_vault_secret.vm_username_secret",
            "module.virtual_machine.azurerm_linux_virtual_machine.virtual_machines",
            "module.virtual_machine.azurerm_network_interface.network_interface",
            "module.virtual_machine.azurerm_network_interface_security_group_association.nsg_association",
            "module.virtual_machine.azurerm_network_security_group.nsg",
            "module.virtual_machine.azurerm_public_ip.public_ip",
            "module.virtual_machine.data.azurerm_key_vault.key_vault",
            "module.virtual_machine.data.azurerm_resource_group.resource_group",
            "module.virtual_machine.data.azurerm_subnet.data_subnet",
            "module.virtual_machine.random_password.vm_password",
            "module.vnet.azurerm_virtual_network.vnet"
          ]
        }
      ]
    },
    {
      "module": "module.loadbalancer[0]",
      "mode": "managed",
      "type": "azurerm_lb_probe",
      "name": "lb_probe",
      "provider": "provider[\"registry.terraform.io/hashicorp/azurerm\"]",
      "instances": [
        {
          "schema_version": 0,
          "attributes": {
            "id": "/subscriptions/5056c5ae-eefd-4968-8139-8c27a5d1303d/resourceGroups/dc_res/providers/Microsoft.Network/loadBalancers/TestLoadBalancer/probes/LBprobe",
            "interval_in_seconds": 15,
            "load_balancer_rules": [
              "/subscriptions/5056c5ae-eefd-4968-8139-8c27a5d1303d/resourceGroups/dc_res/providers/Microsoft.Network/loadBalancers/TestLoadBalancer/loadBalancingRules/LBRule"
            ],
            "loadbalancer_id": "/subscriptions/5056c5ae-eefd-4968-8139-8c27a5d1303d/resourceGroups/dc_res/providers/Microsoft.Network/loadBalancers/TestLoadBalancer",
            "name": "LBprobe",
            "number_of_probes": 2,
            "port": 80,
            "probe_threshold": 1,
            "protocol": "Http",
            "request_path": "/",
            "timeouts": null
          },
          "sensitive_attributes": [],
          "private": "eyJlMmJmYjczMC1lY2FhLTExZTYtOGY4OC0zNDM2M2JjN2M0YzAiOnsiY3JlYXRlIjoxODAwMDAwMDAwMDAwLCJkZWxldGUiOjE4MDAwMDAwMDAwMDAsInJlYWQiOjMwMDAwMDAwMDAwMCwidXBkYXRlIjoxODAwMDAwMDAwMDAwfX0=",
          "dependencies": [
            "module.key_vault.azurerm_key_vault.key_vault",
            "module.key_vault.data.azurerm_client_config.current",
            "module.key_vault.data.azurerm_resource_group.resource_group",
            "module.loadbalancer.azurerm_lb.loadbalancer",
            "module.loadbalancer.azurerm_public_ip.lb_publicip",
            "module.rg.azurerm_resource_group.resource_groups",
            "module.subnet.azurerm_subnet.subnets",
            "module.virtual_machine.azurerm_key_vault_secret.vm_password_secret",
            "module.virtual_machine.azurerm_key_vault_secret.vm_username_secret",
            "module.virtual_machine.azurerm_linux_virtual_machine.virtual_machines",
            "module.virtual_machine.azurerm_network_interface.network_interface",
            "module.virtual_machine.azurerm_network_interface_security_group_association.nsg_association",
            "module.virtual_machine.azurerm_network_security_group.nsg",
            "module.virtual_machine.azurerm_public_ip.public_ip",
            "module.virtual_machine.data.azurerm_key_vault.key_vault",
            "module.virtual_machine.data.azurerm_resource_group.resource_group",
            "module.virtual_machine.data.azurerm_subnet.data_subnet",
            "module.virtual_machine.random_password.vm_password",
            "module.vnet.azurerm_virtual_network.vnet"
          ]
        }
      ]
    },
    {
      "module": "module.loadbalancer[0]",
      "mode": "managed",
      "type": "azurerm_lb_rule",
      "name": "lb_rule",
      "provider": "provider[\"registry.terraform.io/hashicorp/azurerm\"]",
      "instances": [
        {
          "schema_version": 0,
          "attributes": {
            "backend_address_pool_ids": [
              "/subscriptions/5056c5ae-eefd-4968-8139-8c27a5d1303d/resourceGroups/dc_res/providers/Microsoft.Network/loadBalancers/TestLoadBalancer/backendAddressPools/BackEndAddressPool"
            ],
            "backend_port": 80,
            "disable_outbound_snat": false,
            "enable_floating_ip": false,
            "enable_tcp_reset": false,
            "frontend_ip_configuration_id": "/subscriptions/5056c5ae-eefd-4968-8139-8c27a5d1303d/resourceGroups/dc_res/providers/Microsoft.Network/loadBalancers/TestLoadBalancer/frontendIPConfigurations/PublicIPAddress",
            "frontend_ip_configuration_name": "PublicIPAddress",
            "frontend_port": 8080,
            "id": "/subscriptions/5056c5ae-eefd-4968-8139-8c27a5d1303d/resourceGroups/dc_res/providers/Microsoft.Network/loadBalancers/TestLoadBalancer/loadBalancingRules/LBRule",
            "idle_timeout_in_minutes": 4,
            "load_distribution": "Default",
            "loadbalancer_id": "/subscriptions/5056c5ae-eefd-4968-8139-8c27a5d1303d/resourceGroups/dc_res/providers/Microsoft.Network/loadBalancers/TestLoadBalancer",
            "name": "LBRule",
            "probe_id": "/subscriptions/5056c5ae-eefd-4968-8139-8c27a5d1303d/resourceGroups/dc_res/providers/Microsoft.Network/loadBalancers/TestLoadBalancer/probes/LBprobe",
            "protocol": "Tcp",
            "timeouts": null
          },
          "sensitive_attributes": [],
          "private": "eyJlMmJmYjczMC1lY2FhLTExZTYtOGY4OC0zNDM2M2JjN2M0YzAiOnsiY3JlYXRlIjoxODAwMDAwMDAwMDAwLCJkZWxldGUiOjE4MDAwMDAwMDAwMDAsInJlYWQiOjMwMDAwMDAwMDAwMCwidXBkYXRlIjoxODAwMDAwMDAwMDAwfX0=",
          "dependencies": [
            "module.key_vault.azurerm_key_vault.key_vault",
            "module.key_vault.data.azurerm_client_config.current",
            "module.key_vault.data.azurerm_resource_group.resource_group",
            "module.loadbalancer.azurerm_lb.loadbalancer",
            "module.loadbalancer.azurerm_lb_backend_address_pool.backend_pool",
            "module.loadbalancer.azurerm_lb_probe.lb_probe",
            "module.loadbalancer.azurerm_public_ip.lb_publicip",
            "module.rg.azurerm_resource_group.resource_groups",
            "module.subnet.azurerm_subnet.subnets",
            "module.virtual_machine.azurerm_key_vault_secret.vm_password_secret",
            "module.virtual_machine.azurerm_key_vault_secret.vm_username_secret",
            "module.virtual_machine.azurerm_linux_virtual_machine.virtual_machines",
            "module.virtual_machine.azurerm_network_interface.network_interface",
            "module.virtual_machine.azurerm_network_interface_security_group_association.nsg_association",
            "module.virtual_machine.azurerm_network_security_group.nsg",
            "module.virtual_machine.azurerm_public_ip.public_ip",
            "module.virtual_machine.data.azurerm_key_vault.key_vault",
            "module.virtual_machine.data.azurerm_resource_group.resource_group",
            "module.virtual_machine.data.azurerm_subnet.data_subnet",
            "module.virtual_machine.random_password.vm_password",
            "module.vnet.azurerm_virtual_network.vnet"
          ]
        }
      ]
    },
    {
      "module": "module.loadbalancer[0]",
      "mode": "managed",
      "type": "azurerm_network_interface_backend_address_pool_association",
      "name": "vm1_lb_association",
      "provider": "provider[\"registry.terraform.io/hashicorp/azurerm\"]",
      "instances": [
        {
          "schema_version": 0,
          "attributes": {
            "backend_address_pool_id": "/subscriptions/5056c5ae-eefd-4968-8139-8c27a5d1303d/resourceGroups/dc_res/providers/Microsoft.Network/loadBalancers/TestLoadBalancer/backendAddressPools/BackEndAddressPool",
            "id": "/subscriptions/5056c5ae-eefd-4968-8139-8c27a5d1303d/resourceGroups/dc_res/providers/Microsoft.Network/networkInterfaces/dc-vm1-nic/ipConfigurations/dcvm1ip|/subscriptions/5056c5ae-eefd-4968-8139-8c27a5d1303d/resourceGroups/dc_res/providers/Microsoft.Network/loadBalancers/TestLoadBalancer/backendAddressPools/BackEndAddressPool",
            "ip_configuration_name": "dcvm1ip",
            "network_interface_id": "/subscriptions/5056c5ae-eefd-4968-8139-8c27a5d1303d/resourceGroups/dc_res/providers/Microsoft.Network/networkInterfaces/dc-vm1-nic",
            "timeouts": null
          },
          "sensitive_attributes": [],
          "private": "eyJlMmJmYjczMC1lY2FhLTExZTYtOGY4OC0zNDM2M2JjN2M0YzAiOnsiY3JlYXRlIjoxODAwMDAwMDAwMDAwLCJkZWxldGUiOjE4MDAwMDAwMDAwMDAsInJlYWQiOjMwMDAwMDAwMDAwMH19",
          "dependencies": [
            "module.key_vault.azurerm_key_vault.key_vault",
            "module.key_vault.data.azurerm_client_config.current",
            "module.key_vault.data.azurerm_resource_group.resource_group",
            "module.loadbalancer.azurerm_lb.loadbalancer",
            "module.loadbalancer.azurerm_lb_backend_address_pool.backend_pool",
            "module.loadbalancer.azurerm_public_ip.lb_publicip",
            "module.loadbalancer.data.azurerm_network_interface.network_interface_1",
            "module.rg.azurerm_resource_group.resource_groups",
            "module.subnet.azurerm_subnet.subnets",
            "module.virtual_machine.azurerm_key_vault_secret.vm_password_secret",
            "module.virtual_machine.azurerm_key_vault_secret.vm_username_secret",
            "module.virtual_machine.azurerm_linux_virtual_machine.virtual_machines",
            "module.virtual_machine.azurerm_network_interface.network_interface",
            "module.virtual_machine.azurerm_network_interface_security_group_association.nsg_association",
            "module.virtual_machine.azurerm_network_security_group.nsg",
            "module.virtual_machine.azurerm_public_ip.public_ip",
            "module.virtual_machine.data.azurerm_key_vault.key_vault",
            "module.virtual_machine.data.azurerm_resource_group.resource_group",
            "module.virtual_machine.data.azurerm_subnet.data_subnet",
            "module.virtual_machine.random_password.vm_password",
            "module.vnet.azurerm_virtual_network.vnet"
          ]
        }
      ]
    },
    {
      "module": "module.loadbalancer[0]",
      "mode": "managed",
      "type": "azurerm_network_interface_backend_address_pool_association",
      "name": "vm2_lb_association",
      "provider": "provider[\"registry.terraform.io/hashicorp/azurerm\"]",
      "instances": [
        {
          "schema_version": 0,
          "attributes": {
            "backend_address_pool_id": "/subscriptions/5056c5ae-eefd-4968-8139-8c27a5d1303d/resourceGroups/dc_res/providers/Microsoft.Network/loadBalancers/TestLoadBalancer/backendAddressPools/BackEndAddressPool",
            "id": "/subscriptions/5056c5ae-eefd-4968-8139-8c27a5d1303d/resourceGroups/dc_res/providers/Microsoft.Network/networkInterfaces/dc-vm2-nic/ipConfigurations/dcvm2ip|/subscriptions/5056c5ae-eefd-4968-8139-8c27a5d1303d/resourceGroups/dc_res/providers/Microsoft.Network/loadBalancers/TestLoadBalancer/backendAddressPools/BackEndAddressPool",
            "ip_configuration_name": "dcvm2ip",
            "network_interface_id": "/subscriptions/5056c5ae-eefd-4968-8139-8c27a5d1303d/resourceGroups/dc_res/providers/Microsoft.Network/networkInterfaces/dc-vm2-nic",
            "timeouts": null
          },
          "sensitive_attributes": [],
          "private": "eyJlMmJmYjczMC1lY2FhLTExZTYtOGY4OC0zNDM2M2JjN2M0YzAiOnsiY3JlYXRlIjoxODAwMDAwMDAwMDAwLCJkZWxldGUiOjE4MDAwMDAwMDAwMDAsInJlYWQiOjMwMDAwMDAwMDAwMH19",
          "dependencies": [
            "module.key_vault.azurerm_key_vault.key_vault",
            "module.key_vault.data.azurerm_client_config.current",
            "module.key_vault.data.azurerm_resource_group.resource_group",
            "module.loadbalancer.azurerm_lb.loadbalancer",
            "module.loadbalancer.azurerm_lb_backend_address_pool.backend_pool",
            "module.loadbalancer.azurerm_public_ip.lb_publicip",
            "module.loadbalancer.data.azurerm_network_interface.network_interface_2",
            "module.rg.azurerm_resource_group.resource_groups",
            "module.subnet.azurerm_subnet.subnets",
            "module.virtual_machine.azurerm_key_vault_secret.vm_password_secret",
            "module.virtual_machine.azurerm_key_vault_secret.vm_username_secret",
            "module.virtual_machine.azurerm_linux_virtual_machine.virtual_machines",
            "module.virtual_machine.azurerm_network_interface.network_interface",
            "module.virtual_machine.azurerm_network_interface_security_group_association.nsg_association",
            "module.virtual_machine.azurerm_network_security_group.nsg",
            "module.virtual_machine.azurerm_public_ip.public_ip",
            "module.virtual_machine.data.azurerm_key_vault.key_vault",
            "module.virtual_machine.data.azurerm_resource_group.resource_group",
            "module.virtual_machine.data.azurerm_subnet.data_subnet",
            "module.virtual_machine.random_password.vm_password",
            "module.vnet.azurerm_virtual_network.vnet"
          ]
        }
      ]
    },
    {
      "module": "module.loadbalancer[0]",
      "mode": "managed",
      "type": "azurerm_public_ip",
      "name": "lb_publicip",
      "provider": "provider[\"registry.terraform.io/hashicorp/azurerm\"]",
      "instances": [
        {
          "schema_version": 0,
          "attributes": {
            "allocation_method": "Static",
            "ddos_protection_mode": "VirtualNetworkInherited",
            "ddos_protection_plan_id": null,
            "domain_name_label": null,
            "edge_zone": "",
            "fqdn": null,
            "id": "/subscriptions/5056c5ae-eefd-4968-8139-8c27a5d1303d/resourceGroups/dc_res/providers/Microsoft.Network/publicIPAddresses/PublicIPForLB",
            "idle_timeout_in_minutes": 4,
            "ip_address": "13.75.122.142",
            "ip_tags": {},
            "ip_version": "IPv4",
            "location": "eastasia",
            "name": "PublicIPForLB",
            "public_ip_prefix_id": null,
            "resource_group_name": "dc_res",
            "reverse_fqdn": null,
            "sku": "Standard",
            "sku_tier": "Regional",
            "tags": {},
            "timeouts": null,
            "zones": []
          },
          "sensitive_attributes": [],
          "private": "eyJlMmJmYjczMC1lY2FhLTExZTYtOGY4OC0zNDM2M2JjN2M0YzAiOnsiY3JlYXRlIjoxODAwMDAwMDAwMDAwLCJkZWxldGUiOjE4MDAwMDAwMDAwMDAsInJlYWQiOjMwMDAwMDAwMDAwMCwidXBkYXRlIjoxODAwMDAwMDAwMDAwfX0=",
          "dependencies": [
            "module.key_vault.azurerm_key_vault.key_vault",
            "module.key_vault.data.azurerm_client_config.current",
            "module.key_vault.data.azurerm_resource_group.resource_group",
            "module.rg.azurerm_resource_group.resource_groups",
            "module.subnet.azurerm_subnet.subnets",
            "module.virtual_machine.azurerm_key_vault_secret.vm_password_secret",
            "module.virtual_machine.azurerm_key_vault_secret.vm_username_secret",
            "module.virtual_machine.azurerm_linux_virtual_machine.virtual_machines",
            "module.virtual_machine.azurerm_network_interface.network_interface",
            "module.virtual_machine.azurerm_network_interface_security_group_association.nsg_association",
            "module.virtual_machine.azurerm_network_security_group.nsg",
            "module.virtual_machine.azurerm_public_ip.public_ip",
            "module.virtual_machine.data.azurerm_key_vault.key_vault",
            "module.virtual_machine.data.azurerm_resource_group.resource_group",
            "module.virtual_machine.data.azurerm_subnet.data_subnet",
            "module.virtual_machine.random_password.vm_password",
            "module.vnet.azurerm_virtual_network.vnet"
          ]
        }
      ]
    },
    {
      "module": "module.rg",
      "mode": "managed",
      "type": "azurerm_resource_group",
      "name": "resource_groups",
      "provider": "provider[\"registry.terraform.io/hashicorp/azurerm\"]",
      "instances": [
        {
          "index_key": "rg1",
          "schema_version": 0,
          "attributes": {
            "id": "/subscriptions/5056c5ae-eefd-4968-8139-8c27a5d1303d/resourceGroups/dc_res",
            "location": "eastasia",
            "managed_by": "",
            "name": "dc_res",
            "tags": {},
            "timeouts": null
          },
          "sensitive_attributes": [],
          "private": "eyJlMmJmYjczMC1lY2FhLTExZTYtOGY4OC0zNDM2M2JjN2M0YzAiOnsiY3JlYXRlIjo1NDAwMDAwMDAwMDAwLCJkZWxldGUiOjU0MDAwMDAwMDAwMDAsInJlYWQiOjMwMDAwMDAwMDAwMCwidXBkYXRlIjo1NDAwMDAwMDAwMDAwfX0="
        }
      ]
    },
    {
      "module": "module.subnet",
      "mode": "managed",
      "type": "azurerm_subnet",
      "name": "subnets",
      "provider": "provider[\"registry.terraform.io/hashicorp/azurerm\"]",
      "instances": [
        {
          "index_key": "subnet1",
          "schema_version": 0,
          "attributes": {
            "address_prefixes": [
              "10.0.1.0/24"
            ],
            "default_outbound_access_enabled": true,
            "delegation": [],
            "id": "/subscriptions/5056c5ae-eefd-4968-8139-8c27a5d1303d/resourceGroups/dc_res/providers/Microsoft.Network/virtualNetworks/dc_vnet/subnets/subnet",
            "name": "subnet",
            "private_endpoint_network_policies": "Disabled",
            "private_link_service_network_policies_enabled": true,
            "resource_group_name": "dc_res",
            "service_endpoint_policy_ids": [],
            "service_endpoints": [],
            "timeouts": null,
            "virtual_network_name": "dc_vnet"
          },
          "sensitive_attributes": [],
          "private": "eyJlMmJmYjczMC1lY2FhLTExZTYtOGY4OC0zNDM2M2JjN2M0YzAiOnsiY3JlYXRlIjoxODAwMDAwMDAwMDAwLCJkZWxldGUiOjE4MDAwMDAwMDAwMDAsInJlYWQiOjMwMDAwMDAwMDAwMCwidXBkYXRlIjoxODAwMDAwMDAwMDAwfX0=",
          "dependencies": [
            "module.rg.azurerm_resource_group.resource_groups",
            "module.vnet.azurerm_virtual_network.vnet"
          ]
        },
        {
          "index_key": "subnet3",
          "schema_version": 0,
          "attributes": {
            "address_prefixes": [
              "10.0.3.0/26"
            ],
            "default_outbound_access_enabled": true,
            "delegation": [],
            "id": "/subscriptions/5056c5ae-eefd-4968-8139-8c27a5d1303d/resourceGroups/dc_res/providers/Microsoft.Network/virtualNetworks/dc_vnet/subnets/AzureBastionSubnet",
            "name": "AzureBastionSubnet",
            "private_endpoint_network_policies": "Disabled",
            "private_link_service_network_policies_enabled": true,
            "resource_group_name": "dc_res",
            "service_endpoint_policy_ids": [],
            "service_endpoints": [],
            "timeouts": null,
            "virtual_network_name": "dc_vnet"
          },
          "sensitive_attributes": [],
          "private": "eyJlMmJmYjczMC1lY2FhLTExZTYtOGY4OC0zNDM2M2JjN2M0YzAiOnsiY3JlYXRlIjoxODAwMDAwMDAwMDAwLCJkZWxldGUiOjE4MDAwMDAwMDAwMDAsInJlYWQiOjMwMDAwMDAwMDAwMCwidXBkYXRlIjoxODAwMDAwMDAwMDAwfX0=",
          "dependencies": [
            "module.rg.azurerm_resource_group.resource_groups",
            "module.vnet.azurerm_virtual_network.vnet"
          ]
        }
      ]
    },
    {
      "module": "module.virtual_machine",
      "mode": "data",
      "type": "azurerm_key_vault",
      "name": "key_vault",
      "provider": "provider[\"registry.terraform.io/hashicorp/azurerm\"]",
      "instances": [
        {
          "schema_version": 0,
          "attributes": {
            "access_policy": [],
            "enable_rbac_authorization": true,
            "enabled_for_deployment": false,
            "enabled_for_disk_encryption": false,
            "enabled_for_template_deployment": false,
            "id": "/subscriptions/5056c5ae-eefd-4968-8139-8c27a5d1303d/resourceGroups/key_res/providers/Microsoft.KeyVault/vaults/dckey-vault",
            "location": "eastus",
            "name": "dckey-vault",
            "network_acls": [
              {
                "bypass": "None",
                "default_action": "Allow",
                "ip_rules": [],
                "virtual_network_subnet_ids": []
              }
            ],
            "public_network_access_enabled": true,
            "purge_protection_enabled": false,
            "resource_group_name": "key_res",
            "sku_name": "standard",
            "tags": {},
            "tenant_id": "d029d06e-c2d4-439d-af9e-673ef56d053b",
            "timeouts": null,
            "vault_uri": "https://dckey-vault.vault.azure.net/"
          },
          "sensitive_attributes": []
        }
      ]
    },
    {
      "module": "module.virtual_machine",
      "mode": "data",
      "type": "azurerm_resource_group",
      "name": "resource_group",
      "provider": "provider[\"registry.terraform.io/hashicorp/azurerm\"]",
      "instances": [
        {
          "schema_version": 0,
          "attributes": {
            "id": "/subscriptions/5056c5ae-eefd-4968-8139-8c27a5d1303d/resourceGroups/dc_res",
            "location": "eastasia",
            "managed_by": "",
            "name": "dc_res",
            "tags": {},
            "timeouts": null
          },
          "sensitive_attributes": []
        }
      ]
    },
    {
      "module": "module.virtual_machine",
      "mode": "data",
      "type": "azurerm_subnet",
      "name": "data_subnet",
      "provider": "provider[\"registry.terraform.io/hashicorp/azurerm\"]",
      "instances": [
        {
          "index_key": "vm1",
          "schema_version": 0,
          "attributes": {
            "address_prefix": "10.0.1.0/24",
            "address_prefixes": [
              "10.0.1.0/24"
            ],
            "default_outbound_access_enabled": true,
            "id": "/subscriptions/5056c5ae-eefd-4968-8139-8c27a5d1303d/resourceGroups/dc_res/providers/Microsoft.Network/virtualNetworks/dc_vnet/subnets/subnet",
            "name": "subnet",
            "network_security_group_id": "",
            "private_endpoint_network_policies": "Disabled",
            "private_link_service_network_policies_enabled": true,
            "resource_group_name": "dc_res",
            "route_table_id": "",
            "service_endpoints": [],
            "timeouts": null,
            "virtual_network_name": "dc_vnet"
          },
          "sensitive_attributes": []
        },
        {
          "index_key": "vm2",
          "schema_version": 0,
          "attributes": {
            "address_prefix": "10.0.1.0/24",
            "address_prefixes": [
              "10.0.1.0/24"
            ],
            "default_outbound_access_enabled": true,
            "id": "/subscriptions/5056c5ae-eefd-4968-8139-8c27a5d1303d/resourceGroups/dc_res/providers/Microsoft.Network/virtualNetworks/dc_vnet/subnets/subnet",
            "name": "subnet",
            "network_security_group_id": "",
            "private_endpoint_network_policies": "Disabled",
            "private_link_service_network_policies_enabled": true,
            "resource_group_name": "dc_res",
            "route_table_id": "",
            "service_endpoints": [],
            "timeouts": null,
            "virtual_network_name": "dc_vnet"
          },
          "sensitive_attributes": []
        }
      ]
    },
    {
      "module": "module.virtual_machine",
      "mode": "managed",
      "type": "azurerm_key_vault_secret",
      "name": "vm_password_secret",
      "provider": "provider[\"registry.terraform.io/hashicorp/azurerm\"]",
      "instances": [
        {
          "index_key": "vm1",
          "schema_version": 0,
          "attributes": {
            "content_type": "",
            "expiration_date": null,
            "id": "https://dckey-vault.vault.azure.net/secrets/vm1-password/6bbce0b3a5a64acdb458d943e1adb77d",
            "key_vault_id": "/subscriptions/5056c5ae-eefd-4968-8139-8c27a5d1303d/resourceGroups/key_res/providers/Microsoft.KeyVault/vaults/dckey-vault",
            "name": "vm1-password",
            "not_before_date": null,
            "resource_id": "/subscriptions/5056c5ae-eefd-4968-8139-8c27a5d1303d/resourceGroups/key_res/providers/Microsoft.KeyVault/vaults/dckey-vault/secrets/vm1-password/versions/6bbce0b3a5a64acdb458d943e1adb77d",
            "resource_versionless_id": "/subscriptions/5056c5ae-eefd-4968-8139-8c27a5d1303d/resourceGroups/key_res/providers/Microsoft.KeyVault/vaults/dckey-vault/secrets/vm1-password",
            "tags": {},
            "timeouts": null,
            "value": "zZcXzqsK3jZXzzR4",
            "version": "6bbce0b3a5a64acdb458d943e1adb77d",
            "versionless_id": "https://dckey-vault.vault.azure.net/secrets/vm1-password"
          },
          "sensitive_attributes": [
            [
              {
                "type": "get_attr",
                "value": "value"
              }
            ]
          ],
          "private": "eyJlMmJmYjczMC1lY2FhLTExZTYtOGY4OC0zNDM2M2JjN2M0YzAiOnsiY3JlYXRlIjoxODAwMDAwMDAwMDAwLCJkZWxldGUiOjE4MDAwMDAwMDAwMDAsInJlYWQiOjE4MDAwMDAwMDAwMDAsInVwZGF0ZSI6MTgwMDAwMDAwMDAwMH19",
          "dependencies": [
            "module.key_vault.azurerm_key_vault.key_vault",
            "module.key_vault.data.azurerm_client_config.current",
            "module.key_vault.data.azurerm_resource_group.resource_group",
            "module.rg.azurerm_resource_group.resource_groups",
            "module.subnet.azurerm_subnet.subnets",
            "module.virtual_machine.data.azurerm_key_vault.key_vault",
            "module.virtual_machine.random_password.vm_password",
            "module.vnet.azurerm_virtual_network.vnet"
          ]
        },
        {
          "index_key": "vm2",
          "schema_version": 0,
          "attributes": {
            "content_type": "",
            "expiration_date": null,
            "id": "https://dckey-vault.vault.azure.net/secrets/vm2-password/ffeaa56dfa1c45668c9fed8653135e14",
            "key_vault_id": "/subscriptions/5056c5ae-eefd-4968-8139-8c27a5d1303d/resourceGroups/key_res/providers/Microsoft.KeyVault/vaults/dckey-vault",
            "name": "vm2-password",
            "not_before_date": null,
            "resource_id": "/subscriptions/5056c5ae-eefd-4968-8139-8c27a5d1303d/resourceGroups/key_res/providers/Microsoft.KeyVault/vaults/dckey-vault/secrets/vm2-password/versions/ffeaa56dfa1c45668c9fed8653135e14",
            "resource_versionless_id": "/subscriptions/5056c5ae-eefd-4968-8139-8c27a5d1303d/resourceGroups/key_res/providers/Microsoft.KeyVault/vaults/dckey-vault/secrets/vm2-password",
            "tags": {},
            "timeouts": null,
            "value": "VApaU_r1acYRiEcx",
            "version": "ffeaa56dfa1c45668c9fed8653135e14",
            "versionless_id": "https://dckey-vault.vault.azure.net/secrets/vm2-password"
          },
          "sensitive_attributes": [
            [
              {
                "type": "get_attr",
                "value": "value"
              }
            ]
          ],
          "private": "eyJlMmJmYjczMC1lY2FhLTExZTYtOGY4OC0zNDM2M2JjN2M0YzAiOnsiY3JlYXRlIjoxODAwMDAwMDAwMDAwLCJkZWxldGUiOjE4MDAwMDAwMDAwMDAsInJlYWQiOjE4MDAwMDAwMDAwMDAsInVwZGF0ZSI6MTgwMDAwMDAwMDAwMH19",
          "dependencies": [
            "module.key_vault.azurerm_key_vault.key_vault",
            "module.key_vault.data.azurerm_client_config.current",
            "module.key_vault.data.azurerm_resource_group.resource_group",
            "module.rg.azurerm_resource_group.resource_groups",
            "module.subnet.azurerm_subnet.subnets",
            "module.virtual_machine.data.azurerm_key_vault.key_vault",
            "module.virtual_machine.random_password.vm_password",
            "module.vnet.azurerm_virtual_network.vnet"
          ]
        }
      ]
    },
    {
      "module": "module.virtual_machine",
      "mode": "managed",
      "type": "azurerm_key_vault_secret",
      "name": "vm_username_secret",
      "provider": "provider[\"registry.terraform.io/hashicorp/azurerm\"]",
      "instances": [
        {
          "index_key": "vm1",
          "schema_version": 0,
          "attributes": {
            "content_type": "",
            "expiration_date": null,
            "id": "https://dckey-vault.vault.azure.net/secrets/vm1-adminuser/ced3d8867e8641fc818497545382adf2",
            "key_vault_id": "/subscriptions/5056c5ae-eefd-4968-8139-8c27a5d1303d/resourceGroups/key_res/providers/Microsoft.KeyVault/vaults/dckey-vault",
            "name": "vm1-adminuser",
            "not_before_date": null,
            "resource_id": "/subscriptions/5056c5ae-eefd-4968-8139-8c27a5d1303d/resourceGroups/key_res/providers/Microsoft.KeyVault/vaults/dckey-vault/secrets/vm1-adminuser/versions/ced3d8867e8641fc818497545382adf2",
            "resource_versionless_id": "/subscriptions/5056c5ae-eefd-4968-8139-8c27a5d1303d/resourceGroups/key_res/providers/Microsoft.KeyVault/vaults/dckey-vault/secrets/vm1-adminuser",
            "tags": {},
            "timeouts": null,
            "value": "vm1_adminuser",
            "version": "ced3d8867e8641fc818497545382adf2",
            "versionless_id": "https://dckey-vault.vault.azure.net/secrets/vm1-adminuser"
          },
          "sensitive_attributes": [
            [
              {
                "type": "get_attr",
                "value": "value"
              }
            ]
          ],
          "private": "eyJlMmJmYjczMC1lY2FhLTExZTYtOGY4OC0zNDM2M2JjN2M0YzAiOnsiY3JlYXRlIjoxODAwMDAwMDAwMDAwLCJkZWxldGUiOjE4MDAwMDAwMDAwMDAsInJlYWQiOjE4MDAwMDAwMDAwMDAsInVwZGF0ZSI6MTgwMDAwMDAwMDAwMH19",
          "dependencies": [
            "module.key_vault.azurerm_key_vault.key_vault",
            "module.key_vault.data.azurerm_client_config.current",
            "module.key_vault.data.azurerm_resource_group.resource_group",
            "module.rg.azurerm_resource_group.resource_groups",
            "module.subnet.azurerm_subnet.subnets",
            "module.virtual_machine.data.azurerm_key_vault.key_vault",
            "module.vnet.azurerm_virtual_network.vnet"
          ]
        },
        {
          "index_key": "vm2",
          "schema_version": 0,
          "attributes": {
            "content_type": "",
            "expiration_date": null,
            "id": "https://dckey-vault.vault.azure.net/secrets/vm2-adminuser/25d2def14ee94a40b9f58f6cf739566b",
            "key_vault_id": "/subscriptions/5056c5ae-eefd-4968-8139-8c27a5d1303d/resourceGroups/key_res/providers/Microsoft.KeyVault/vaults/dckey-vault",
            "name": "vm2-adminuser",
            "not_before_date": null,
            "resource_id": "/subscriptions/5056c5ae-eefd-4968-8139-8c27a5d1303d/resourceGroups/key_res/providers/Microsoft.KeyVault/vaults/dckey-vault/secrets/vm2-adminuser/versions/25d2def14ee94a40b9f58f6cf739566b",
            "resource_versionless_id": "/subscriptions/5056c5ae-eefd-4968-8139-8c27a5d1303d/resourceGroups/key_res/providers/Microsoft.KeyVault/vaults/dckey-vault/secrets/vm2-adminuser",
            "tags": {},
            "timeouts": null,
            "value": "vm2_adminuser",
            "version": "25d2def14ee94a40b9f58f6cf739566b",
            "versionless_id": "https://dckey-vault.vault.azure.net/secrets/vm2-adminuser"
          },
          "sensitive_attributes": [
            [
              {
                "type": "get_attr",
                "value": "value"
              }
            ]
          ],
          "private": "eyJlMmJmYjczMC1lY2FhLTExZTYtOGY4OC0zNDM2M2JjN2M0YzAiOnsiY3JlYXRlIjoxODAwMDAwMDAwMDAwLCJkZWxldGUiOjE4MDAwMDAwMDAwMDAsInJlYWQiOjE4MDAwMDAwMDAwMDAsInVwZGF0ZSI6MTgwMDAwMDAwMDAwMH19",
          "dependencies": [
            "module.key_vault.azurerm_key_vault.key_vault",
            "module.key_vault.data.azurerm_client_config.current",
            "module.key_vault.data.azurerm_resource_group.resource_group",
            "module.rg.azurerm_resource_group.resource_groups",
            "module.subnet.azurerm_subnet.subnets",
            "module.virtual_machine.data.azurerm_key_vault.key_vault",
            "module.vnet.azurerm_virtual_network.vnet"
          ]
        }
      ]
    },
    {
      "module": "module.virtual_machine",
      "mode": "managed",
      "type": "azurerm_linux_virtual_machine",
      "name": "virtual_machines",
      "provider": "provider[\"registry.terraform.io/hashicorp/azurerm\"]",
      "instances": [
        {
          "index_key": "vm1",
          "schema_version": 0,
          "attributes": {
            "additional_capabilities": [],
            "admin_password": "zZcXzqsK3jZXzzR4",
            "admin_ssh_key": [],
            "admin_username": "vm1_adminuser",
            "allow_extension_operations": true,
            "availability_set_id": "",
            "boot_diagnostics": [],
            "bypass_platform_safety_checks_on_user_schedule_enabled": false,
            "capacity_reservation_group_id": "",
            "computer_name": "vm1",
            "custom_data": null,
            "dedicated_host_group_id": "",
            "dedicated_host_id": "",
            "disable_password_authentication": false,
            "disk_controller_type": "",
            "edge_zone": "",
            "encryption_at_host_enabled": false,
            "eviction_policy": "",
            "extensions_time_budget": "PT1H30M",
            "gallery_application": [],
            "id": "/subscriptions/5056c5ae-eefd-4968-8139-8c27a5d1303d/resourceGroups/dc_res/providers/Microsoft.Compute/virtualMachines/vm1",
            "identity": [],
            "license_type": "",
            "location": "eastasia",
            "max_bid_price": -1,
            "name": "vm1",
            "network_interface_ids": [
              "/subscriptions/5056c5ae-eefd-4968-8139-8c27a5d1303d/resourceGroups/dc_res/providers/Microsoft.Network/networkInterfaces/dc-vm1-nic"
            ],
            "os_disk": [
              {
                "caching": "ReadWrite",
                "diff_disk_settings": [],
                "disk_encryption_set_id": "",
                "disk_size_gb": 30,
                "name": "vm1_disk1_1febac5c2c4945bb94666bd9e44073cc",
                "secure_vm_disk_encryption_set_id": "",
                "security_encryption_type": "",
                "storage_account_type": "Standard_LRS",
                "write_accelerator_enabled": false
              }
            ],
            "os_image_notification": [],
            "patch_assessment_mode": "ImageDefault",
            "patch_mode": "ImageDefault",
            "plan": [],
            "platform_fault_domain": -1,
            "priority": "Regular",
            "private_ip_address": "10.0.1.5",
            "private_ip_addresses": [
              "10.0.1.5"
            ],
            "provision_vm_agent": true,
            "proximity_placement_group_id": "",
            "public_ip_address": "20.2.164.175",
            "public_ip_addresses": [
              "20.2.164.175"
            ],
            "reboot_setting": "",
            "resource_group_name": "dc_res",
            "secret": [],
            "secure_boot_enabled": false,
            "size": "Standard_B1s",
            "source_image_id": "",
            "source_image_reference": [
              {
                "offer": "0001-com-ubuntu-server-jammy",
                "publisher": "Canonical",
                "sku": "22_04-lts",
                "version": "latest"
              }
            ],
            "tags": {},
            "termination_notification": [],
            "timeouts": null,
            "user_data": "",
            "virtual_machine_id": "08dc7e5e-8470-495a-8afe-57d54851f496",
            "virtual_machine_scale_set_id": "",
            "vm_agent_platform_updates_enabled": false,
            "vtpm_enabled": false,
            "zone": ""
          },
          "sensitive_attributes": [
            [
              {
                "type": "get_attr",
                "value": "admin_password"
              }
            ],
            [
              {
                "type": "get_attr",
                "value": "custom_data"
              }
            ],
            [
              {
                "type": "get_attr",
                "value": "admin_username"
              }
            ]
          ],
          "private": "eyJlMmJmYjczMC1lY2FhLTExZTYtOGY4OC0zNDM2M2JjN2M0YzAiOnsiY3JlYXRlIjoyNzAwMDAwMDAwMDAwLCJkZWxldGUiOjI3MDAwMDAwMDAwMDAsInJlYWQiOjMwMDAwMDAwMDAwMCwidXBkYXRlIjoyNzAwMDAwMDAwMDAwfX0=",
          "dependencies": [
            "module.key_vault.azurerm_key_vault.key_vault",
            "module.key_vault.data.azurerm_client_config.current",
            "module.key_vault.data.azurerm_resource_group.resource_group",
            "module.rg.azurerm_resource_group.resource_groups",
            "module.subnet.azurerm_subnet.subnets",
            "module.virtual_machine.azurerm_key_vault_secret.vm_username_secret",
            "module.virtual_machine.azurerm_network_interface.network_interface",
            "module.virtual_machine.azurerm_public_ip.public_ip",
            "module.virtual_machine.data.azurerm_key_vault.key_vault",
            "module.virtual_machine.data.azurerm_subnet.data_subnet",
            "module.virtual_machine.random_password.vm_password",
            "module.vnet.azurerm_virtual_network.vnet"
          ]
        },
        {
          "index_key": "vm2",
          "schema_version": 0,
          "attributes": {
            "additional_capabilities": [],
            "admin_password": "VApaU_r1acYRiEcx",
            "admin_ssh_key": [],
            "admin_username": "vm2_adminuser",
            "allow_extension_operations": true,
            "availability_set_id": "",
            "boot_diagnostics": [],
            "bypass_platform_safety_checks_on_user_schedule_enabled": false,
            "capacity_reservation_group_id": "",
            "computer_name": "vm2",
            "custom_data": null,
            "dedicated_host_group_id": "",
            "dedicated_host_id": "",
            "disable_password_authentication": false,
            "disk_controller_type": "",
            "edge_zone": "",
            "encryption_at_host_enabled": false,
            "eviction_policy": "",
            "extensions_time_budget": "PT1H30M",
            "gallery_application": [],
            "id": "/subscriptions/5056c5ae-eefd-4968-8139-8c27a5d1303d/resourceGroups/dc_res/providers/Microsoft.Compute/virtualMachines/vm2",
            "identity": [],
            "license_type": "",
            "location": "eastasia",
            "max_bid_price": -1,
            "name": "vm2",
            "network_interface_ids": [
              "/subscriptions/5056c5ae-eefd-4968-8139-8c27a5d1303d/resourceGroups/dc_res/providers/Microsoft.Network/networkInterfaces/dc-vm2-nic"
            ],
            "os_disk": [
              {
                "caching": "ReadWrite",
                "diff_disk_settings": [],
                "disk_encryption_set_id": "",
                "disk_size_gb": 30,
                "name": "vm2_disk1_d8cf7e7ee9ac4c55a44ae19854d304ad",
                "secure_vm_disk_encryption_set_id": "",
                "security_encryption_type": "",
                "storage_account_type": "Standard_LRS",
                "write_accelerator_enabled": false
              }
            ],
            "os_image_notification": [],
            "patch_assessment_mode": "ImageDefault",
            "patch_mode": "ImageDefault",
            "plan": [],
            "platform_fault_domain": -1,
            "priority": "Regular",
            "private_ip_address": "10.0.1.4",
            "private_ip_addresses": [
              "10.0.1.4"
            ],
            "provision_vm_agent": true,
            "proximity_placement_group_id": "",
            "public_ip_address": "20.2.173.244",
            "public_ip_addresses": [
              "20.2.173.244"
            ],
            "reboot_setting": "",
            "resource_group_name": "dc_res",
            "secret": [],
            "secure_boot_enabled": false,
            "size": "Standard_B1s",
            "source_image_id": "",
            "source_image_reference": [
              {
                "offer": "0001-com-ubuntu-server-jammy",
                "publisher": "Canonical",
                "sku": "22_04-lts",
                "version": "latest"
              }
            ],
            "tags": {},
            "termination_notification": [],
            "timeouts": null,
            "user_data": "",
            "virtual_machine_id": "504b0c20-058e-4e9f-8952-c8c0b83b3169",
            "virtual_machine_scale_set_id": "",
            "vm_agent_platform_updates_enabled": false,
            "vtpm_enabled": false,
            "zone": ""
          },
          "sensitive_attributes": [
            [
              {
                "type": "get_attr",
                "value": "admin_password"
              }
            ],
            [
              {
                "type": "get_attr",
                "value": "admin_username"
              }
            ],
            [
              {
                "type": "get_attr",
                "value": "custom_data"
              }
            ]
          ],
          "private": "eyJlMmJmYjczMC1lY2FhLTExZTYtOGY4OC0zNDM2M2JjN2M0YzAiOnsiY3JlYXRlIjoyNzAwMDAwMDAwMDAwLCJkZWxldGUiOjI3MDAwMDAwMDAwMDAsInJlYWQiOjMwMDAwMDAwMDAwMCwidXBkYXRlIjoyNzAwMDAwMDAwMDAwfX0=",
          "dependencies": [
            "module.key_vault.azurerm_key_vault.key_vault",
            "module.key_vault.data.azurerm_client_config.current",
            "module.key_vault.data.azurerm_resource_group.resource_group",
            "module.rg.azurerm_resource_group.resource_groups",
            "module.subnet.azurerm_subnet.subnets",
            "module.virtual_machine.azurerm_key_vault_secret.vm_username_secret",
            "module.virtual_machine.azurerm_network_interface.network_interface",
            "module.virtual_machine.azurerm_public_ip.public_ip",
            "module.virtual_machine.data.azurerm_key_vault.key_vault",
            "module.virtual_machine.data.azurerm_subnet.data_subnet",
            "module.virtual_machine.random_password.vm_password",
            "module.vnet.azurerm_virtual_network.vnet"
          ]
        }
      ]
    },
    {
      "module": "module.virtual_machine",
      "mode": "managed",
      "type": "azurerm_network_interface",
      "name": "network_interface",
      "provider": "provider[\"registry.terraform.io/hashicorp/azurerm\"]",
      "instances": [
        {
          "index_key": "vm1",
          "schema_version": 0,
          "attributes": {
            "accelerated_networking_enabled": false,
            "applied_dns_servers": [],
            "auxiliary_mode": "",
            "auxiliary_sku": "",
            "dns_servers": [],
            "edge_zone": "",
            "id": "/subscriptions/5056c5ae-eefd-4968-8139-8c27a5d1303d/resourceGroups/dc_res/providers/Microsoft.Network/networkInterfaces/dc-vm1-nic",
            "internal_dns_name_label": "",
            "internal_domain_name_suffix": "w5ccfubupvkejkvqjcapdgphid.hx.internal.cloudapp.net",
            "ip_configuration": [
              {
                "gateway_load_balancer_frontend_ip_configuration_id": "",
                "name": "dcvm1ip",
                "primary": true,
                "private_ip_address": "10.0.1.5",
                "private_ip_address_allocation": "Dynamic",
                "private_ip_address_version": "IPv4",
                "public_ip_address_id": "/subscriptions/5056c5ae-eefd-4968-8139-8c27a5d1303d/resourceGroups/dc_res/providers/Microsoft.Network/publicIPAddresses/vm1-ip",
                "subnet_id": "/subscriptions/5056c5ae-eefd-4968-8139-8c27a5d1303d/resourceGroups/dc_res/providers/Microsoft.Network/virtualNetworks/dc_vnet/subnets/subnet"
              }
            ],
            "ip_forwarding_enabled": false,
            "location": "eastasia",
            "mac_address": "00-22-48-17-E6-18",
            "name": "dc-vm1-nic",
            "private_ip_address": "10.0.1.5",
            "private_ip_addresses": [
              "10.0.1.5"
            ],
            "resource_group_name": "dc_res",
            "tags": {},
            "timeouts": null,
            "virtual_machine_id": "/subscriptions/5056c5ae-eefd-4968-8139-8c27a5d1303d/resourceGroups/dc_res/providers/Microsoft.Compute/virtualMachines/vm1"
          },
          "sensitive_attributes": [],
          "private": "eyJlMmJmYjczMC1lY2FhLTExZTYtOGY4OC0zNDM2M2JjN2M0YzAiOnsiY3JlYXRlIjoxODAwMDAwMDAwMDAwLCJkZWxldGUiOjE4MDAwMDAwMDAwMDAsInJlYWQiOjMwMDAwMDAwMDAwMCwidXBkYXRlIjoxODAwMDAwMDAwMDAwfX0=",
          "dependencies": [
            "module.key_vault.azurerm_key_vault.key_vault",
            "module.key_vault.data.azurerm_client_config.current",
            "module.key_vault.data.azurerm_resource_group.resource_group",
            "module.rg.azurerm_resource_group.resource_groups",
            "module.subnet.azurerm_subnet.subnets",
            "module.virtual_machine.azurerm_public_ip.public_ip",
            "module.virtual_machine.data.azurerm_subnet.data_subnet",
            "module.vnet.azurerm_virtual_network.vnet"
          ]
        },
        {
          "index_key": "vm2",
          "schema_version": 0,
          "attributes": {
            "accelerated_networking_enabled": false,
            "applied_dns_servers": [],
            "auxiliary_mode": "",
            "auxiliary_sku": "",
            "dns_servers": [],
            "edge_zone": "",
            "id": "/subscriptions/5056c5ae-eefd-4968-8139-8c27a5d1303d/resourceGroups/dc_res/providers/Microsoft.Network/networkInterfaces/dc-vm2-nic",
            "internal_dns_name_label": "",
            "internal_domain_name_suffix": "w5ccfubupvkejkvqjcapdgphid.hx.internal.cloudapp.net",
            "ip_configuration": [
              {
                "gateway_load_balancer_frontend_ip_configuration_id": "",
                "name": "dcvm2ip",
                "primary": true,
                "private_ip_address": "10.0.1.4",
                "private_ip_address_allocation": "Dynamic",
                "private_ip_address_version": "IPv4",
                "public_ip_address_id": "/subscriptions/5056c5ae-eefd-4968-8139-8c27a5d1303d/resourceGroups/dc_res/providers/Microsoft.Network/publicIPAddresses/vm2-ip",
                "subnet_id": "/subscriptions/5056c5ae-eefd-4968-8139-8c27a5d1303d/resourceGroups/dc_res/providers/Microsoft.Network/virtualNetworks/dc_vnet/subnets/subnet"
              }
            ],
            "ip_forwarding_enabled": false,
            "location": "eastasia",
            "mac_address": "60-45-BD-5A-98-C8",
            "name": "dc-vm2-nic",
            "private_ip_address": "10.0.1.4",
            "private_ip_addresses": [
              "10.0.1.4"
            ],
            "resource_group_name": "dc_res",
            "tags": {},
            "timeouts": null,
            "virtual_machine_id": "/subscriptions/5056c5ae-eefd-4968-8139-8c27a5d1303d/resourceGroups/dc_res/providers/Microsoft.Compute/virtualMachines/vm2"
          },
          "sensitive_attributes": [],
          "private": "eyJlMmJmYjczMC1lY2FhLTExZTYtOGY4OC0zNDM2M2JjN2M0YzAiOnsiY3JlYXRlIjoxODAwMDAwMDAwMDAwLCJkZWxldGUiOjE4MDAwMDAwMDAwMDAsInJlYWQiOjMwMDAwMDAwMDAwMCwidXBkYXRlIjoxODAwMDAwMDAwMDAwfX0=",
          "dependencies": [
            "module.key_vault.azurerm_key_vault.key_vault",
            "module.key_vault.data.azurerm_client_config.current",
            "module.key_vault.data.azurerm_resource_group.resource_group",
            "module.rg.azurerm_resource_group.resource_groups",
            "module.subnet.azurerm_subnet.subnets",
            "module.virtual_machine.azurerm_public_ip.public_ip",
            "module.virtual_machine.data.azurerm_subnet.data_subnet",
            "module.vnet.azurerm_virtual_network.vnet"
          ]
        }
      ]
    },
    {
      "module": "module.virtual_machine",
      "mode": "managed",
      "type": "azurerm_network_interface_security_group_association",
      "name": "nsg_association",
      "provider": "provider[\"registry.terraform.io/hashicorp/azurerm\"]",
      "instances": [
        {
          "index_key": "vm1",
          "schema_version": 0,
          "attributes": {
            "id": "/subscriptions/5056c5ae-eefd-4968-8139-8c27a5d1303d/resourceGroups/dc_res/providers/Microsoft.Network/networkInterfaces/dc-vm1-nic|/subscriptions/5056c5ae-eefd-4968-8139-8c27a5d1303d/resourceGroups/dc_res/providers/Microsoft.Network/networkSecurityGroups/vm1-nsg",
            "network_interface_id": "/subscriptions/5056c5ae-eefd-4968-8139-8c27a5d1303d/resourceGroups/dc_res/providers/Microsoft.Network/networkInterfaces/dc-vm1-nic",
            "network_security_group_id": "/subscriptions/5056c5ae-eefd-4968-8139-8c27a5d1303d/resourceGroups/dc_res/providers/Microsoft.Network/networkSecurityGroups/vm1-nsg",
            "timeouts": null
          },
          "sensitive_attributes": [],
          "private": "eyJlMmJmYjczMC1lY2FhLTExZTYtOGY4OC0zNDM2M2JjN2M0YzAiOnsiY3JlYXRlIjoxODAwMDAwMDAwMDAwLCJkZWxldGUiOjE4MDAwMDAwMDAwMDAsInJlYWQiOjMwMDAwMDAwMDAwMH19",
          "dependencies": [
            "module.key_vault.azurerm_key_vault.key_vault",
            "module.key_vault.data.azurerm_client_config.current",
            "module.key_vault.data.azurerm_resource_group.resource_group",
            "module.rg.azurerm_resource_group.resource_groups",
            "module.subnet.azurerm_subnet.subnets",
            "module.virtual_machine.azurerm_network_interface.network_interface",
            "module.virtual_machine.azurerm_network_security_group.nsg",
            "module.virtual_machine.azurerm_public_ip.public_ip",
            "module.virtual_machine.data.azurerm_subnet.data_subnet",
            "module.vnet.azurerm_virtual_network.vnet"
          ]
        },
        {
          "index_key": "vm2",
          "schema_version": 0,
          "attributes": {
            "id": "/subscriptions/5056c5ae-eefd-4968-8139-8c27a5d1303d/resourceGroups/dc_res/providers/Microsoft.Network/networkInterfaces/dc-vm2-nic|/subscriptions/5056c5ae-eefd-4968-8139-8c27a5d1303d/resourceGroups/dc_res/providers/Microsoft.Network/networkSecurityGroups/vm2-nsg",
            "network_interface_id": "/subscriptions/5056c5ae-eefd-4968-8139-8c27a5d1303d/resourceGroups/dc_res/providers/Microsoft.Network/networkInterfaces/dc-vm2-nic",
            "network_security_group_id": "/subscriptions/5056c5ae-eefd-4968-8139-8c27a5d1303d/resourceGroups/dc_res/providers/Microsoft.Network/networkSecurityGroups/vm2-nsg",
            "timeouts": null
          },
          "sensitive_attributes": [],
          "private": "eyJlMmJmYjczMC1lY2FhLTExZTYtOGY4OC0zNDM2M2JjN2M0YzAiOnsiY3JlYXRlIjoxODAwMDAwMDAwMDAwLCJkZWxldGUiOjE4MDAwMDAwMDAwMDAsInJlYWQiOjMwMDAwMDAwMDAwMH19",
          "dependencies": [
            "module.key_vault.azurerm_key_vault.key_vault",
            "module.key_vault.data.azurerm_client_config.current",
            "module.key_vault.data.azurerm_resource_group.resource_group",
            "module.rg.azurerm_resource_group.resource_groups",
            "module.subnet.azurerm_subnet.subnets",
            "module.virtual_machine.azurerm_network_interface.network_interface",
            "module.virtual_machine.azurerm_network_security_group.nsg",
            "module.virtual_machine.azurerm_public_ip.public_ip",
            "module.virtual_machine.data.azurerm_subnet.data_subnet",
            "module.vnet.azurerm_virtual_network.vnet"
          ]
        }
      ]
    },
    {
      "module": "module.virtual_machine",
      "mode": "managed",
      "type": "azurerm_network_security_group",
      "name": "nsg",
      "provider": "provider[\"registry.terraform.io/hashicorp/azurerm\"]",
      "instances": [
        {
          "index_key": "vm1",
          "schema_version": 0,
          "attributes": {
            "id": "/subscriptions/5056c5ae-eefd-4968-8139-8c27a5d1303d/resourceGroups/dc_res/providers/Microsoft.Network/networkSecurityGroups/vm1-nsg",
            "location": "eastasia",
            "name": "vm1-nsg",
            "resource_group_name": "dc_res",
            "security_rule": [
              {
                "access": "Allow",
                "description": "",
                "destination_address_prefix": "*",
                "destination_address_prefixes": [],
                "destination_application_security_group_ids": [],
                "destination_port_range": "80",
                "destination_port_ranges": [],
                "direction": "Inbound",
                "name": "Allow-HTTP",
                "priority": 101,
                "protocol": "Tcp",
                "source_address_prefix": "*",
                "source_address_prefixes": [],
                "source_application_security_group_ids": [],
                "source_port_range": "*",
                "source_port_ranges": []
              },
              {
                "access": "Allow",
                "description": null,
                "destination_address_prefix": "*",
                "destination_address_prefixes": [],
                "destination_application_security_group_ids": [],
                "destination_port_range": "22",
                "destination_port_ranges": [],
                "direction": "Inbound",
                "name": "Allow-SSH",
                "priority": 100,
                "protocol": "Tcp",
                "source_address_prefix": "*",
                "source_address_prefixes": [],
                "source_application_security_group_ids": [],
                "source_port_range": "*",
                "source_port_ranges": []
              }
            ],
            "tags": {},
            "timeouts": null
          },
          "sensitive_attributes": [],
          "private": "eyJlMmJmYjczMC1lY2FhLTExZTYtOGY4OC0zNDM2M2JjN2M0YzAiOnsiY3JlYXRlIjoxODAwMDAwMDAwMDAwLCJkZWxldGUiOjE4MDAwMDAwMDAwMDAsInJlYWQiOjMwMDAwMDAwMDAwMCwidXBkYXRlIjoxODAwMDAwMDAwMDAwfX0=",
          "dependencies": [
            "module.key_vault.azurerm_key_vault.key_vault",
            "module.key_vault.data.azurerm_client_config.current",
            "module.key_vault.data.azurerm_resource_group.resource_group",
            "module.rg.azurerm_resource_group.resource_groups",
            "module.subnet.azurerm_subnet.subnets",
            "module.vnet.azurerm_virtual_network.vnet"
          ]
        },
        {
          "index_key": "vm2",
          "schema_version": 0,
          "attributes": {
            "id": "/subscriptions/5056c5ae-eefd-4968-8139-8c27a5d1303d/resourceGroups/dc_res/providers/Microsoft.Network/networkSecurityGroups/vm2-nsg",
            "location": "eastasia",
            "name": "vm2-nsg",
            "resource_group_name": "dc_res",
            "security_rule": [
              {
                "access": "Allow",
                "description": "",
                "destination_address_prefix": "*",
                "destination_address_prefixes": [],
                "destination_application_security_group_ids": [],
                "destination_port_range": "80",
                "destination_port_ranges": [],
                "direction": "Inbound",
                "name": "Allow-HTTP",
                "priority": 101,
                "protocol": "Tcp",
                "source_address_prefix": "*",
                "source_address_prefixes": [],
                "source_application_security_group_ids": [],
                "source_port_range": "*",
                "source_port_ranges": []
              },
              {
                "access": "Allow",
                "description": null,
                "destination_address_prefix": "*",
                "destination_address_prefixes": [],
                "destination_application_security_group_ids": [],
                "destination_port_range": "22",
                "destination_port_ranges": [],
                "direction": "Inbound",
                "name": "Allow-SSH",
                "priority": 100,
                "protocol": "Tcp",
                "source_address_prefix": "*",
                "source_address_prefixes": [],
                "source_application_security_group_ids": [],
                "source_port_range": "*",
                "source_port_ranges": []
              }
            ],
            "tags": {},
            "timeouts": null
          },
          "sensitive_attributes": [],
          "private": "eyJlMmJmYjczMC1lY2FhLTExZTYtOGY4OC0zNDM2M2JjN2M0YzAiOnsiY3JlYXRlIjoxODAwMDAwMDAwMDAwLCJkZWxldGUiOjE4MDAwMDAwMDAwMDAsInJlYWQiOjMwMDAwMDAwMDAwMCwidXBkYXRlIjoxODAwMDAwMDAwMDAwfX0=",
          "dependencies": [
            "module.key_vault.azurerm_key_vault.key_vault",
            "module.key_vault.data.azurerm_client_config.current",
            "module.key_vault.data.azurerm_resource_group.resource_group",
            "module.rg.azurerm_resource_group.resource_groups",
            "module.subnet.azurerm_subnet.subnets",
            "module.vnet.azurerm_virtual_network.vnet"
          ]
        }
      ]
    },
    {
      "module": "module.virtual_machine",
      "mode": "managed",
      "type": "azurerm_public_ip",
      "name": "public_ip",
      "provider": "provider[\"registry.terraform.io/hashicorp/azurerm\"]",
      "instances": [
        {
          "index_key": "vm1",
          "schema_version": 0,
          "attributes": {
            "allocation_method": "Static",
            "ddos_protection_mode": "VirtualNetworkInherited",
            "ddos_protection_plan_id": null,
            "domain_name_label": null,
            "edge_zone": "",
            "fqdn": null,
            "id": "/subscriptions/5056c5ae-eefd-4968-8139-8c27a5d1303d/resourceGroups/dc_res/providers/Microsoft.Network/publicIPAddresses/vm1-ip",
            "idle_timeout_in_minutes": 4,
            "ip_address": "20.2.164.175",
            "ip_tags": {},
            "ip_version": "IPv4",
            "location": "eastasia",
            "name": "vm1-ip",
            "public_ip_prefix_id": null,
            "resource_group_name": "dc_res",
            "reverse_fqdn": null,
            "sku": "Standard",
            "sku_tier": "Regional",
            "tags": {},
            "timeouts": null,
            "zones": []
          },
          "sensitive_attributes": [],
          "private": "eyJlMmJmYjczMC1lY2FhLTExZTYtOGY4OC0zNDM2M2JjN2M0YzAiOnsiY3JlYXRlIjoxODAwMDAwMDAwMDAwLCJkZWxldGUiOjE4MDAwMDAwMDAwMDAsInJlYWQiOjMwMDAwMDAwMDAwMCwidXBkYXRlIjoxODAwMDAwMDAwMDAwfX0=",
          "dependencies": [
            "module.key_vault.azurerm_key_vault.key_vault",
            "module.key_vault.data.azurerm_client_config.current",
            "module.key_vault.data.azurerm_resource_group.resource_group",
            "module.rg.azurerm_resource_group.resource_groups",
            "module.subnet.azurerm_subnet.subnets",
            "module.vnet.azurerm_virtual_network.vnet"
          ]
        },
        {
          "index_key": "vm2",
          "schema_version": 0,
          "attributes": {
            "allocation_method": "Static",
            "ddos_protection_mode": "VirtualNetworkInherited",
            "ddos_protection_plan_id": null,
            "domain_name_label": null,
            "edge_zone": "",
            "fqdn": null,
            "id": "/subscriptions/5056c5ae-eefd-4968-8139-8c27a5d1303d/resourceGroups/dc_res/providers/Microsoft.Network/publicIPAddresses/vm2-ip",
            "idle_timeout_in_minutes": 4,
            "ip_address": "20.2.173.244",
            "ip_tags": {},
            "ip_version": "IPv4",
            "location": "eastasia",
            "name": "vm2-ip",
            "public_ip_prefix_id": null,
            "resource_group_name": "dc_res",
            "reverse_fqdn": null,
            "sku": "Standard",
            "sku_tier": "Regional",
            "tags": {},
            "timeouts": null,
            "zones": []
          },
          "sensitive_attributes": [],
          "private": "eyJlMmJmYjczMC1lY2FhLTExZTYtOGY4OC0zNDM2M2JjN2M0YzAiOnsiY3JlYXRlIjoxODAwMDAwMDAwMDAwLCJkZWxldGUiOjE4MDAwMDAwMDAwMDAsInJlYWQiOjMwMDAwMDAwMDAwMCwidXBkYXRlIjoxODAwMDAwMDAwMDAwfX0=",
          "dependencies": [
            "module.key_vault.azurerm_key_vault.key_vault",
            "module.key_vault.data.azurerm_client_config.current",
            "module.key_vault.data.azurerm_resource_group.resource_group",
            "module.rg.azurerm_resource_group.resource_groups",
            "module.subnet.azurerm_subnet.subnets",
            "module.vnet.azurerm_virtual_network.vnet"
          ]
        }
      ]
    },
    {
      "module": "module.virtual_machine",
      "mode": "managed",
      "type": "random_password",
      "name": "vm_password",
      "provider": "provider[\"registry.terraform.io/hashicorp/random\"]",
      "instances": [
        {
          "index_key": "vm1",
          "schema_version": 3,
          "attributes": {
            "bcrypt_hash": "$2a$10$cx.cO82wy6eHd5xSbC88m.UzNIwhfg1.eb1VKLLv5rx8qWBbLrTUy",
            "id": "none",
            "keepers": null,
            "length": 16,
            "lower": true,
            "min_lower": 0,
            "min_numeric": 0,
            "min_special": 0,
            "min_upper": 0,
            "number": true,
            "numeric": true,
            "override_special": "_%@",
            "result": "zZcXzqsK3jZXzzR4",
            "special": true,
            "upper": true
          },
          "sensitive_attributes": [
            [
              {
                "type": "get_attr",
                "value": "bcrypt_hash"
              }
            ],
            [
              {
                "type": "get_attr",
                "value": "result"
              }
            ]
          ],
          "dependencies": [
            "module.key_vault.azurerm_key_vault.key_vault",
            "module.key_vault.data.azurerm_client_config.current",
            "module.key_vault.data.azurerm_resource_group.resource_group",
            "module.rg.azurerm_resource_group.resource_groups",
            "module.subnet.azurerm_subnet.subnets",
            "module.vnet.azurerm_virtual_network.vnet"
          ]
        },
        {
          "index_key": "vm2",
          "schema_version": 3,
          "attributes": {
            "bcrypt_hash": "$2a$10$69sbrnqmxS0IFaq0X9j4P.KnXQt2Niz/E11XnXFND.7GMjInlFF6S",
            "id": "none",
            "keepers": null,
            "length": 16,
            "lower": true,
            "min_lower": 0,
            "min_numeric": 0,
            "min_special": 0,
            "min_upper": 0,
            "number": true,
            "numeric": true,
            "override_special": "_%@",
            "result": "VApaU_r1acYRiEcx",
            "special": true,
            "upper": true
          },
          "sensitive_attributes": [
            [
              {
                "type": "get_attr",
                "value": "result"
              }
            ],
            [
              {
                "type": "get_attr",
                "value": "bcrypt_hash"
              }
            ]
          ],
          "dependencies": [
            "module.key_vault.azurerm_key_vault.key_vault",
            "module.key_vault.data.azurerm_client_config.current",
            "module.key_vault.data.azurerm_resource_group.resource_group",
            "module.rg.azurerm_resource_group.resource_groups",
            "module.subnet.azurerm_subnet.subnets",
            "module.vnet.azurerm_virtual_network.vnet"
          ]
        }
      ]
    },
    {
      "module": "module.vnet",
      "mode": "managed",
      "type": "azurerm_virtual_network",
      "name": "vnet",
      "provider": "provider[\"registry.terraform.io/hashicorp/azurerm\"]",
      "instances": [
        {
          "index_key": "vnet1",
          "schema_version": 0,
          "attributes": {
            "address_space": [
              "10.0.0.0/16"
            ],
            "bgp_community": "",
            "ddos_protection_plan": [],
            "dns_servers": [],
            "edge_zone": "",
            "encryption": [],
            "flow_timeout_in_minutes": 0,
            "guid": "d022c4b7-7d34-4454-aab0-4880f199e743",
            "id": "/subscriptions/5056c5ae-eefd-4968-8139-8c27a5d1303d/resourceGroups/dc_res/providers/Microsoft.Network/virtualNetworks/dc_vnet",
            "location": "eastasia",
            "name": "dc_vnet",
            "resource_group_name": "dc_res",
            "subnet": [
              {
                "address_prefixes": [
                  "10.0.1.0/24"
                ],
                "default_outbound_access_enabled": true,
                "delegation": [],
                "id": "/subscriptions/5056c5ae-eefd-4968-8139-8c27a5d1303d/resourceGroups/dc_res/providers/Microsoft.Network/virtualNetworks/dc_vnet/subnets/subnet",
                "name": "subnet",
                "private_endpoint_network_policies": "Disabled",
                "private_link_service_network_policies_enabled": true,
                "route_table_id": "",
                "security_group": "",
                "service_endpoint_policy_ids": [],
                "service_endpoints": []
              },
              {
                "address_prefixes": [
                  "10.0.3.0/26"
                ],
                "default_outbound_access_enabled": true,
                "delegation": [],
                "id": "/subscriptions/5056c5ae-eefd-4968-8139-8c27a5d1303d/resourceGroups/dc_res/providers/Microsoft.Network/virtualNetworks/dc_vnet/subnets/AzureBastionSubnet",
                "name": "AzureBastionSubnet",
                "private_endpoint_network_policies": "Disabled",
                "private_link_service_network_policies_enabled": true,
                "route_table_id": "",
                "security_group": "",
                "service_endpoint_policy_ids": [],
                "service_endpoints": []
              }
            ],
            "tags": {},
            "timeouts": null
          },
          "sensitive_attributes": [],
          "private": "eyJlMmJmYjczMC1lY2FhLTExZTYtOGY4OC0zNDM2M2JjN2M0YzAiOnsiY3JlYXRlIjoxODAwMDAwMDAwMDAwLCJkZWxldGUiOjE4MDAwMDAwMDAwMDAsInJlYWQiOjMwMDAwMDAwMDAwMCwidXBkYXRlIjoxODAwMDAwMDAwMDAwfX0=",
          "dependencies": [
            "module.rg.azurerm_resource_group.resource_groups"
          ]
        }
      ]
    }
  ],
  "check_results": null
}
