{
  "version": 4,
  "terraform_version": "1.9.0",
  "serial": 18,
  "lineage": "7e85d1a2-ebaa-1df6-6422-6d9f4bdab76f",
  "outputs": {},
  "resources": [
    {
      "module": "module.rg",
      "mode": "managed",
      "type": "azurerm_resource_group",
      "name": "resource_groups",
      "provider": "provider[\"registry.terraform.io/hashicorp/azurerm\"]",
      "instances": [
        {
          "index_key": "rg1",
          "schema_version": 0,
          "attributes": {
            "id": "/subscriptions/419f9566-7081-4ef4-9f4c-1fafefc458a7/resourceGroups/dc_res",
            "location": "eastasia",
            "managed_by": "",
            "name": "dc_res",
            "tags": null,
            "timeouts": null
          },
          "sensitive_attributes": [],
          "private": "eyJlMmJmYjczMC1lY2FhLTExZTYtOGY4OC0zNDM2M2JjN2M0YzAiOnsiY3JlYXRlIjo1NDAwMDAwMDAwMDAwLCJkZWxldGUiOjU0MDAwMDAwMDAwMDAsInJlYWQiOjMwMDAwMDAwMDAwMCwidXBkYXRlIjo1NDAwMDAwMDAwMDAwfX0="
        }
      ]
    },
    {
      "module": "module.subnet",
      "mode": "managed",
      "type": "azurerm_subnet",
      "name": "subnets",
      "provider": "provider[\"registry.terraform.io/hashicorp/azurerm\"]",
      "instances": [
        {
          "index_key": "subnet1",
          "schema_version": 0,
          "attributes": {
            "address_prefixes": [
              "10.0.1.0/24"
            ],
            "default_outbound_access_enabled": true,
            "delegation": [],
            "id": "/subscriptions/419f9566-7081-4ef4-9f4c-1fafefc458a7/resourceGroups/dc_res/providers/Microsoft.Network/virtualNetworks/dc_vnet/subnets/subnet",
            "name": "subnet",
            "private_endpoint_network_policies": "Disabled",
            "private_link_service_network_policies_enabled": true,
            "resource_group_name": "dc_res",
            "service_endpoint_policy_ids": null,
            "service_endpoints": null,
            "timeouts": null,
            "virtual_network_name": "dc_vnet"
          },
          "sensitive_attributes": [],
          "private": "eyJlMmJmYjczMC1lY2FhLTExZTYtOGY4OC0zNDM2M2JjN2M0YzAiOnsiY3JlYXRlIjoxODAwMDAwMDAwMDAwLCJkZWxldGUiOjE4MDAwMDAwMDAwMDAsInJlYWQiOjMwMDAwMDAwMDAwMCwidXBkYXRlIjoxODAwMDAwMDAwMDAwfX0=",
          "dependencies": [
            "module.rg.azurerm_resource_group.resource_groups",
            "module.vnet.azurerm_virtual_network.vnet"
          ]
        },
        {
          "index_key": "subnet3",
          "schema_version": 0,
          "attributes": {
            "address_prefixes": [
              "10.0.3.0/26"
            ],
            "default_outbound_access_enabled": true,
            "delegation": [],
            "id": "/subscriptions/419f9566-7081-4ef4-9f4c-1fafefc458a7/resourceGroups/dc_res/providers/Microsoft.Network/virtualNetworks/dc_vnet/subnets/AzureBastionSubnet",
            "name": "AzureBastionSubnet",
            "private_endpoint_network_policies": "Disabled",
            "private_link_service_network_policies_enabled": true,
            "resource_group_name": "dc_res",
            "service_endpoint_policy_ids": null,
            "service_endpoints": null,
            "timeouts": null,
            "virtual_network_name": "dc_vnet"
          },
          "sensitive_attributes": [],
          "private": "eyJlMmJmYjczMC1lY2FhLTExZTYtOGY4OC0zNDM2M2JjN2M0YzAiOnsiY3JlYXRlIjoxODAwMDAwMDAwMDAwLCJkZWxldGUiOjE4MDAwMDAwMDAwMDAsInJlYWQiOjMwMDAwMDAwMDAwMCwidXBkYXRlIjoxODAwMDAwMDAwMDAwfX0=",
          "dependencies": [
            "module.rg.azurerm_resource_group.resource_groups",
            "module.vnet.azurerm_virtual_network.vnet"
          ]
        }
      ]
    },
    {
      "module": "module.virtual_machine",
      "mode": "data",
      "type": "azurerm_key_vault",
      "name": "key_vault",
      "provider": "provider[\"registry.terraform.io/hashicorp/azurerm\"]",
      "instances": []
    },
    {
      "module": "module.virtual_machine",
      "mode": "data",
      "type": "azurerm_resource_group",
      "name": "resource_group",
      "provider": "provider[\"registry.terraform.io/hashicorp/azurerm\"]",
      "instances": [
        {
          "schema_version": 0,
          "attributes": {
            "id": "/subscriptions/419f9566-7081-4ef4-9f4c-1fafefc458a7/resourceGroups/dc_res",
            "location": "eastasia",
            "managed_by": "",
            "name": "dc_res",
            "tags": {},
            "timeouts": null
          },
          "sensitive_attributes": []
        }
      ]
    },
    {
      "module": "module.virtual_machine",
      "mode": "data",
      "type": "azurerm_subnet",
      "name": "data_subnet",
      "provider": "provider[\"registry.terraform.io/hashicorp/azurerm\"]",
      "instances": [
        {
          "index_key": "vm1",
          "schema_version": 0,
          "attributes": {
            "address_prefix": "10.0.1.0/24",
            "address_prefixes": [
              "10.0.1.0/24"
            ],
            "default_outbound_access_enabled": true,
            "id": "/subscriptions/419f9566-7081-4ef4-9f4c-1fafefc458a7/resourceGroups/dc_res/providers/Microsoft.Network/virtualNetworks/dc_vnet/subnets/subnet",
            "name": "subnet",
            "network_security_group_id": "",
            "private_endpoint_network_policies": "Disabled",
            "private_link_service_network_policies_enabled": true,
            "resource_group_name": "dc_res",
            "route_table_id": "",
            "service_endpoints": [],
            "timeouts": null,
            "virtual_network_name": "dc_vnet"
          },
          "sensitive_attributes": []
        },
        {
          "index_key": "vm2",
          "schema_version": 0,
          "attributes": {
            "address_prefix": "10.0.1.0/24",
            "address_prefixes": [
              "10.0.1.0/24"
            ],
            "default_outbound_access_enabled": true,
            "id": "/subscriptions/419f9566-7081-4ef4-9f4c-1fafefc458a7/resourceGroups/dc_res/providers/Microsoft.Network/virtualNetworks/dc_vnet/subnets/subnet",
            "name": "subnet",
            "network_security_group_id": "",
            "private_endpoint_network_policies": "Disabled",
            "private_link_service_network_policies_enabled": true,
            "resource_group_name": "dc_res",
            "route_table_id": "",
            "service_endpoints": [],
            "timeouts": null,
            "virtual_network_name": "dc_vnet"
          },
          "sensitive_attributes": []
        }
      ]
    },
    {
      "module": "module.virtual_machine",
      "mode": "managed",
      "type": "azurerm_network_interface",
      "name": "network_interface",
      "provider": "provider[\"registry.terraform.io/hashicorp/azurerm\"]",
      "instances": [
        {
          "index_key": "vm1",
          "schema_version": 0,
          "attributes": {
            "accelerated_networking_enabled": false,
            "applied_dns_servers": [],
            "auxiliary_mode": "",
            "auxiliary_sku": "",
            "dns_servers": null,
            "edge_zone": "",
            "id": "/subscriptions/419f9566-7081-4ef4-9f4c-1fafefc458a7/resourceGroups/dc_res/providers/Microsoft.Network/networkInterfaces/dc-vm1-nic",
            "internal_dns_name_label": "",
            "internal_domain_name_suffix": "pudycpogcohe5h52223c0rsjif.hx.internal.cloudapp.net",
            "ip_configuration": [
              {
                "gateway_load_balancer_frontend_ip_configuration_id": "",
                "name": "dcvm1ip",
                "primary": true,
                "private_ip_address": "10.0.1.5",
                "private_ip_address_allocation": "Dynamic",
                "private_ip_address_version": "IPv4",
                "public_ip_address_id": "/subscriptions/419f9566-7081-4ef4-9f4c-1fafefc458a7/resourceGroups/dc_res/providers/Microsoft.Network/publicIPAddresses/vm1-ip",
                "subnet_id": "/subscriptions/419f9566-7081-4ef4-9f4c-1fafefc458a7/resourceGroups/dc_res/providers/Microsoft.Network/virtualNetworks/dc_vnet/subnets/subnet"
              }
            ],
            "ip_forwarding_enabled": false,
            "location": "eastasia",
            "mac_address": "",
            "name": "dc-vm1-nic",
            "private_ip_address": "10.0.1.5",
            "private_ip_addresses": [
              "10.0.1.5"
            ],
            "resource_group_name": "dc_res",
            "tags": null,
            "timeouts": null,
            "virtual_machine_id": ""
          },
          "sensitive_attributes": [],
          "private": "eyJlMmJmYjczMC1lY2FhLTExZTYtOGY4OC0zNDM2M2JjN2M0YzAiOnsiY3JlYXRlIjoxODAwMDAwMDAwMDAwLCJkZWxldGUiOjE4MDAwMDAwMDAwMDAsInJlYWQiOjMwMDAwMDAwMDAwMCwidXBkYXRlIjoxODAwMDAwMDAwMDAwfX0=",
          "dependencies": [
            "module.key_vault.azurerm_key_vault.key_vault",
            "module.key_vault.data.azurerm_client_config.current",
            "module.key_vault.data.azurerm_resource_group.resource_group",
            "module.rg.azurerm_resource_group.resource_groups",
            "module.subnet.azurerm_subnet.subnets",
            "module.virtual_machine.azurerm_public_ip.public_ip",
            "module.virtual_machine.data.azurerm_subnet.data_subnet",
            "module.vnet.azurerm_virtual_network.vnet"
          ]
        },
        {
          "index_key": "vm2",
          "schema_version": 0,
          "attributes": {
            "accelerated_networking_enabled": false,
            "applied_dns_servers": [],
            "auxiliary_mode": "",
            "auxiliary_sku": "",
            "dns_servers": null,
            "edge_zone": "",
            "id": "/subscriptions/419f9566-7081-4ef4-9f4c-1fafefc458a7/resourceGroups/dc_res/providers/Microsoft.Network/networkInterfaces/dc-vm2-nic",
            "internal_dns_name_label": "",
            "internal_domain_name_suffix": "pudycpogcohe5h52223c0rsjif.hx.internal.cloudapp.net",
            "ip_configuration": [
              {
                "gateway_load_balancer_frontend_ip_configuration_id": "",
                "name": "dcvm2ip",
                "primary": true,
                "private_ip_address": "10.0.1.4",
                "private_ip_address_allocation": "Dynamic",
                "private_ip_address_version": "IPv4",
                "public_ip_address_id": "/subscriptions/419f9566-7081-4ef4-9f4c-1fafefc458a7/resourceGroups/dc_res/providers/Microsoft.Network/publicIPAddresses/vm2-ip",
                "subnet_id": "/subscriptions/419f9566-7081-4ef4-9f4c-1fafefc458a7/resourceGroups/dc_res/providers/Microsoft.Network/virtualNetworks/dc_vnet/subnets/subnet"
              }
            ],
            "ip_forwarding_enabled": false,
            "location": "eastasia",
            "mac_address": "",
            "name": "dc-vm2-nic",
            "private_ip_address": "10.0.1.4",
            "private_ip_addresses": [
              "10.0.1.4"
            ],
            "resource_group_name": "dc_res",
            "tags": null,
            "timeouts": null,
            "virtual_machine_id": ""
          },
          "sensitive_attributes": [],
          "private": "eyJlMmJmYjczMC1lY2FhLTExZTYtOGY4OC0zNDM2M2JjN2M0YzAiOnsiY3JlYXRlIjoxODAwMDAwMDAwMDAwLCJkZWxldGUiOjE4MDAwMDAwMDAwMDAsInJlYWQiOjMwMDAwMDAwMDAwMCwidXBkYXRlIjoxODAwMDAwMDAwMDAwfX0=",
          "dependencies": [
            "module.key_vault.azurerm_key_vault.key_vault",
            "module.key_vault.data.azurerm_client_config.current",
            "module.key_vault.data.azurerm_resource_group.resource_group",
            "module.rg.azurerm_resource_group.resource_groups",
            "module.subnet.azurerm_subnet.subnets",
            "module.virtual_machine.azurerm_public_ip.public_ip",
            "module.virtual_machine.data.azurerm_subnet.data_subnet",
            "module.vnet.azurerm_virtual_network.vnet"
          ]
        }
      ]
    },
    {
      "module": "module.virtual_machine",
      "mode": "managed",
      "type": "azurerm_network_interface_security_group_association",
      "name": "nsg_association",
      "provider": "provider[\"registry.terraform.io/hashicorp/azurerm\"]",
      "instances": [
        {
          "index_key": "vm1",
          "schema_version": 0,
          "attributes": {
            "id": "/subscriptions/419f9566-7081-4ef4-9f4c-1fafefc458a7/resourceGroups/dc_res/providers/Microsoft.Network/networkInterfaces/dc-vm1-nic|/subscriptions/419f9566-7081-4ef4-9f4c-1fafefc458a7/resourceGroups/dc_res/providers/Microsoft.Network/networkSecurityGroups/vm1-nsg",
            "network_interface_id": "/subscriptions/419f9566-7081-4ef4-9f4c-1fafefc458a7/resourceGroups/dc_res/providers/Microsoft.Network/networkInterfaces/dc-vm1-nic",
            "network_security_group_id": "/subscriptions/419f9566-7081-4ef4-9f4c-1fafefc458a7/resourceGroups/dc_res/providers/Microsoft.Network/networkSecurityGroups/vm1-nsg",
            "timeouts": null
          },
          "sensitive_attributes": [],
          "private": "eyJlMmJmYjczMC1lY2FhLTExZTYtOGY4OC0zNDM2M2JjN2M0YzAiOnsiY3JlYXRlIjoxODAwMDAwMDAwMDAwLCJkZWxldGUiOjE4MDAwMDAwMDAwMDAsInJlYWQiOjMwMDAwMDAwMDAwMH19",
          "dependencies": [
            "module.key_vault.azurerm_key_vault.key_vault",
            "module.key_vault.data.azurerm_client_config.current",
            "module.key_vault.data.azurerm_resource_group.resource_group",
            "module.rg.azurerm_resource_group.resource_groups",
            "module.subnet.azurerm_subnet.subnets",
            "module.virtual_machine.azurerm_network_interface.network_interface",
            "module.virtual_machine.azurerm_network_security_group.nsg",
            "module.virtual_machine.azurerm_public_ip.public_ip",
            "module.virtual_machine.data.azurerm_subnet.data_subnet",
            "module.vnet.azurerm_virtual_network.vnet"
          ]
        },
        {
          "index_key": "vm2",
          "schema_version": 0,
          "attributes": {
            "id": "/subscriptions/419f9566-7081-4ef4-9f4c-1fafefc458a7/resourceGroups/dc_res/providers/Microsoft.Network/networkInterfaces/dc-vm2-nic|/subscriptions/419f9566-7081-4ef4-9f4c-1fafefc458a7/resourceGroups/dc_res/providers/Microsoft.Network/networkSecurityGroups/vm2-nsg",
            "network_interface_id": "/subscriptions/419f9566-7081-4ef4-9f4c-1fafefc458a7/resourceGroups/dc_res/providers/Microsoft.Network/networkInterfaces/dc-vm2-nic",
            "network_security_group_id": "/subscriptions/419f9566-7081-4ef4-9f4c-1fafefc458a7/resourceGroups/dc_res/providers/Microsoft.Network/networkSecurityGroups/vm2-nsg",
            "timeouts": null
          },
          "sensitive_attributes": [],
          "private": "eyJlMmJmYjczMC1lY2FhLTExZTYtOGY4OC0zNDM2M2JjN2M0YzAiOnsiY3JlYXRlIjoxODAwMDAwMDAwMDAwLCJkZWxldGUiOjE4MDAwMDAwMDAwMDAsInJlYWQiOjMwMDAwMDAwMDAwMH19",
          "dependencies": [
            "module.key_vault.azurerm_key_vault.key_vault",
            "module.key_vault.data.azurerm_client_config.current",
            "module.key_vault.data.azurerm_resource_group.resource_group",
            "module.rg.azurerm_resource_group.resource_groups",
            "module.subnet.azurerm_subnet.subnets",
            "module.virtual_machine.azurerm_network_interface.network_interface",
            "module.virtual_machine.azurerm_network_security_group.nsg",
            "module.virtual_machine.azurerm_public_ip.public_ip",
            "module.virtual_machine.data.azurerm_subnet.data_subnet",
            "module.vnet.azurerm_virtual_network.vnet"
          ]
        }
      ]
    },
    {
      "module": "module.virtual_machine",
      "mode": "managed",
      "type": "azurerm_network_security_group",
      "name": "nsg",
      "provider": "provider[\"registry.terraform.io/hashicorp/azurerm\"]",
      "instances": [
        {
          "index_key": "vm1",
          "schema_version": 0,
          "attributes": {
            "id": "/subscriptions/419f9566-7081-4ef4-9f4c-1fafefc458a7/resourceGroups/dc_res/providers/Microsoft.Network/networkSecurityGroups/vm1-nsg",
            "location": "eastasia",
            "name": "vm1-nsg",
            "resource_group_name": "dc_res",
            "security_rule": [
              {
                "access": "Allow",
                "description": "",
                "destination_address_prefix": "*",
                "destination_address_prefixes": [],
                "destination_application_security_group_ids": [],
                "destination_port_range": "22",
                "destination_port_ranges": [],
                "direction": "Inbound",
                "name": "Allow-SSH",
                "priority": 100,
                "protocol": "Tcp",
                "source_address_prefix": "*",
                "source_address_prefixes": [],
                "source_application_security_group_ids": [],
                "source_port_range": "*",
                "source_port_ranges": []
              },
              {
                "access": "Allow",
                "description": "",
                "destination_address_prefix": "*",
                "destination_address_prefixes": [],
                "destination_application_security_group_ids": [],
                "destination_port_range": "80",
                "destination_port_ranges": [],
                "direction": "Inbound",
                "name": "Allow-HTTP",
                "priority": 101,
                "protocol": "Tcp",
                "source_address_prefix": "*",
                "source_address_prefixes": [],
                "source_application_security_group_ids": [],
                "source_port_range": "*",
                "source_port_ranges": []
              }
            ],
            "tags": null,
            "timeouts": null
          },
          "sensitive_attributes": [],
          "private": "eyJlMmJmYjczMC1lY2FhLTExZTYtOGY4OC0zNDM2M2JjN2M0YzAiOnsiY3JlYXRlIjoxODAwMDAwMDAwMDAwLCJkZWxldGUiOjE4MDAwMDAwMDAwMDAsInJlYWQiOjMwMDAwMDAwMDAwMCwidXBkYXRlIjoxODAwMDAwMDAwMDAwfX0=",
          "dependencies": [
            "module.key_vault.azurerm_key_vault.key_vault",
            "module.key_vault.data.azurerm_client_config.current",
            "module.key_vault.data.azurerm_resource_group.resource_group",
            "module.rg.azurerm_resource_group.resource_groups",
            "module.subnet.azurerm_subnet.subnets",
            "module.vnet.azurerm_virtual_network.vnet"
          ]
        },
        {
          "index_key": "vm2",
          "schema_version": 0,
          "attributes": {
            "id": "/subscriptions/419f9566-7081-4ef4-9f4c-1fafefc458a7/resourceGroups/dc_res/providers/Microsoft.Network/networkSecurityGroups/vm2-nsg",
            "location": "eastasia",
            "name": "vm2-nsg",
            "resource_group_name": "dc_res",
            "security_rule": [
              {
                "access": "Allow",
                "description": "",
                "destination_address_prefix": "*",
                "destination_address_prefixes": [],
                "destination_application_security_group_ids": [],
                "destination_port_range": "22",
                "destination_port_ranges": [],
                "direction": "Inbound",
                "name": "Allow-SSH",
                "priority": 100,
                "protocol": "Tcp",
                "source_address_prefix": "*",
                "source_address_prefixes": [],
                "source_application_security_group_ids": [],
                "source_port_range": "*",
                "source_port_ranges": []
              },
              {
                "access": "Allow",
                "description": "",
                "destination_address_prefix": "*",
                "destination_address_prefixes": [],
                "destination_application_security_group_ids": [],
                "destination_port_range": "80",
                "destination_port_ranges": [],
                "direction": "Inbound",
                "name": "Allow-HTTP",
                "priority": 101,
                "protocol": "Tcp",
                "source_address_prefix": "*",
                "source_address_prefixes": [],
                "source_application_security_group_ids": [],
                "source_port_range": "*",
                "source_port_ranges": []
              }
            ],
            "tags": null,
            "timeouts": null
          },
          "sensitive_attributes": [],
          "private": "eyJlMmJmYjczMC1lY2FhLTExZTYtOGY4OC0zNDM2M2JjN2M0YzAiOnsiY3JlYXRlIjoxODAwMDAwMDAwMDAwLCJkZWxldGUiOjE4MDAwMDAwMDAwMDAsInJlYWQiOjMwMDAwMDAwMDAwMCwidXBkYXRlIjoxODAwMDAwMDAwMDAwfX0=",
          "dependencies": [
            "module.key_vault.azurerm_key_vault.key_vault",
            "module.key_vault.data.azurerm_client_config.current",
            "module.key_vault.data.azurerm_resource_group.resource_group",
            "module.rg.azurerm_resource_group.resource_groups",
            "module.subnet.azurerm_subnet.subnets",
            "module.vnet.azurerm_virtual_network.vnet"
          ]
        }
      ]
    },
    {
      "module": "module.virtual_machine",
      "mode": "managed",
      "type": "azurerm_public_ip",
      "name": "public_ip",
      "provider": "provider[\"registry.terraform.io/hashicorp/azurerm\"]",
      "instances": [
        {
          "index_key": "vm1",
          "schema_version": 0,
          "attributes": {
            "allocation_method": "Static",
            "ddos_protection_mode": "VirtualNetworkInherited",
            "ddos_protection_plan_id": null,
            "domain_name_label": null,
            "edge_zone": "",
            "fqdn": null,
            "id": "/subscriptions/419f9566-7081-4ef4-9f4c-1fafefc458a7/resourceGroups/dc_res/providers/Microsoft.Network/publicIPAddresses/vm1-ip",
            "idle_timeout_in_minutes": 4,
            "ip_address": "20.2.12.197",
            "ip_tags": null,
            "ip_version": "IPv4",
            "location": "eastasia",
            "name": "vm1-ip",
            "public_ip_prefix_id": null,
            "resource_group_name": "dc_res",
            "reverse_fqdn": null,
            "sku": "Standard",
            "sku_tier": "Regional",
            "tags": null,
            "timeouts": null,
            "zones": null
          },
          "sensitive_attributes": [],
          "private": "eyJlMmJmYjczMC1lY2FhLTExZTYtOGY4OC0zNDM2M2JjN2M0YzAiOnsiY3JlYXRlIjoxODAwMDAwMDAwMDAwLCJkZWxldGUiOjE4MDAwMDAwMDAwMDAsInJlYWQiOjMwMDAwMDAwMDAwMCwidXBkYXRlIjoxODAwMDAwMDAwMDAwfX0=",
          "dependencies": [
            "module.key_vault.azurerm_key_vault.key_vault",
            "module.key_vault.data.azurerm_client_config.current",
            "module.key_vault.data.azurerm_resource_group.resource_group",
            "module.rg.azurerm_resource_group.resource_groups",
            "module.subnet.azurerm_subnet.subnets",
            "module.vnet.azurerm_virtual_network.vnet"
          ]
        },
        {
          "index_key": "vm2",
          "schema_version": 0,
          "attributes": {
            "allocation_method": "Static",
            "ddos_protection_mode": "VirtualNetworkInherited",
            "ddos_protection_plan_id": null,
            "domain_name_label": null,
            "edge_zone": "",
            "fqdn": null,
            "id": "/subscriptions/419f9566-7081-4ef4-9f4c-1fafefc458a7/resourceGroups/dc_res/providers/Microsoft.Network/publicIPAddresses/vm2-ip",
            "idle_timeout_in_minutes": 4,
            "ip_address": "20.255.254.145",
            "ip_tags": null,
            "ip_version": "IPv4",
            "location": "eastasia",
            "name": "vm2-ip",
            "public_ip_prefix_id": null,
            "resource_group_name": "dc_res",
            "reverse_fqdn": null,
            "sku": "Standard",
            "sku_tier": "Regional",
            "tags": null,
            "timeouts": null,
            "zones": null
          },
          "sensitive_attributes": [],
          "private": "eyJlMmJmYjczMC1lY2FhLTExZTYtOGY4OC0zNDM2M2JjN2M0YzAiOnsiY3JlYXRlIjoxODAwMDAwMDAwMDAwLCJkZWxldGUiOjE4MDAwMDAwMDAwMDAsInJlYWQiOjMwMDAwMDAwMDAwMCwidXBkYXRlIjoxODAwMDAwMDAwMDAwfX0=",
          "dependencies": [
            "module.key_vault.azurerm_key_vault.key_vault",
            "module.key_vault.data.azurerm_client_config.current",
            "module.key_vault.data.azurerm_resource_group.resource_group",
            "module.rg.azurerm_resource_group.resource_groups",
            "module.subnet.azurerm_subnet.subnets",
            "module.vnet.azurerm_virtual_network.vnet"
          ]
        }
      ]
    },
    {
      "module": "module.virtual_machine",
      "mode": "managed",
      "type": "random_password",
      "name": "vm_password",
      "provider": "provider[\"registry.terraform.io/hashicorp/random\"]",
      "instances": [
        {
          "index_key": "vm1",
          "schema_version": 3,
          "attributes": {
            "bcrypt_hash": "$2a$10$gXnU7e9p27PQH1PdM3zQGOUgHO.gre4ZNJjTKkeVDJLJ0lWSnUNvK",
            "id": "none",
            "keepers": null,
            "length": 16,
            "lower": true,
            "min_lower": 0,
            "min_numeric": 0,
            "min_special": 0,
            "min_upper": 0,
            "number": true,
            "numeric": true,
            "override_special": "_%@",
            "result": "C4jsad0AWtNC8oDo",
            "special": true,
            "upper": true
          },
          "sensitive_attributes": [
            [
              {
                "type": "get_attr",
                "value": "result"
              }
            ],
            [
              {
                "type": "get_attr",
                "value": "bcrypt_hash"
              }
            ]
          ],
          "dependencies": [
            "module.key_vault.azurerm_key_vault.key_vault",
            "module.key_vault.data.azurerm_client_config.current",
            "module.key_vault.data.azurerm_resource_group.resource_group",
            "module.rg.azurerm_resource_group.resource_groups",
            "module.subnet.azurerm_subnet.subnets",
            "module.vnet.azurerm_virtual_network.vnet"
          ]
        },
        {
          "index_key": "vm2",
          "schema_version": 3,
          "attributes": {
            "bcrypt_hash": "$2a$10$4RSew.3MymOxN8nwymikKufb6hTIC67vmswlbnPbbanSo.CMOfr8.",
            "id": "none",
            "keepers": null,
            "length": 16,
            "lower": true,
            "min_lower": 0,
            "min_numeric": 0,
            "min_special": 0,
            "min_upper": 0,
            "number": true,
            "numeric": true,
            "override_special": "_%@",
            "result": "VETVaF6XK2eRoMw6",
            "special": true,
            "upper": true
          },
          "sensitive_attributes": [
            [
              {
                "type": "get_attr",
                "value": "bcrypt_hash"
              }
            ],
            [
              {
                "type": "get_attr",
                "value": "result"
              }
            ]
          ],
          "dependencies": [
            "module.key_vault.azurerm_key_vault.key_vault",
            "module.key_vault.data.azurerm_client_config.current",
            "module.key_vault.data.azurerm_resource_group.resource_group",
            "module.rg.azurerm_resource_group.resource_groups",
            "module.subnet.azurerm_subnet.subnets",
            "module.vnet.azurerm_virtual_network.vnet"
          ]
        }
      ]
    },
    {
      "module": "module.vnet",
      "mode": "managed",
      "type": "azurerm_virtual_network",
      "name": "vnet",
      "provider": "provider[\"registry.terraform.io/hashicorp/azurerm\"]",
      "instances": [
        {
          "index_key": "vnet1",
          "schema_version": 0,
          "attributes": {
            "address_space": [
              "10.0.0.0/16"
            ],
            "bgp_community": "",
            "ddos_protection_plan": [],
            "dns_servers": [],
            "edge_zone": "",
            "encryption": [],
            "flow_timeout_in_minutes": 0,
            "guid": "3d81077d-13c6-4f8e-9ffc-e73a2d464945",
            "id": "/subscriptions/419f9566-7081-4ef4-9f4c-1fafefc458a7/resourceGroups/dc_res/providers/Microsoft.Network/virtualNetworks/dc_vnet",
            "location": "eastasia",
            "name": "dc_vnet",
            "resource_group_name": "dc_res",
            "subnet": [],
            "tags": null,
            "timeouts": null
          },
          "sensitive_attributes": [],
          "private": "eyJlMmJmYjczMC1lY2FhLTExZTYtOGY4OC0zNDM2M2JjN2M0YzAiOnsiY3JlYXRlIjoxODAwMDAwMDAwMDAwLCJkZWxldGUiOjE4MDAwMDAwMDAwMDAsInJlYWQiOjMwMDAwMDAwMDAwMCwidXBkYXRlIjoxODAwMDAwMDAwMDAwfX0=",
          "dependencies": [
            "module.rg.azurerm_resource_group.resource_groups"
          ]
        }
      ]
    }
  ],
  "check_results": null
}
